// !$*UTF8*$!
{
	archiveVersion = 1;
	classes = {
	};
	objectVersion = 46;
	objects = {

/* Begin PBXBuildFile section */
		09537D00D8554935A7B6842E /* libPods.a in Frameworks */ = {isa = PBXBuildFile; fileRef = 2B4621B9A71846628CBA6221 /* libPods.a */; };
		E455ED6217E379A1001207EC /* ConnectInternet.m in Sources */ = {isa = PBXBuildFile; fileRef = E455ED6117E379A1001207EC /* ConnectInternet.m */; };
		E455ED6E17E3C37E001207EC /* icon_PlaceOrder114.png in Resources */ = {isa = PBXBuildFile; fileRef = E455ED6417E3C37E001207EC /* icon_PlaceOrder114.png */; };
		E455ED6F17E3C37E001207EC /* icon_PlaceOrder120.png in Resources */ = {isa = PBXBuildFile; fileRef = E455ED6517E3C37E001207EC /* icon_PlaceOrder120.png */; };
		E455ED7017E3C37E001207EC /* icon_PlaceOrder29.png in Resources */ = {isa = PBXBuildFile; fileRef = E455ED6617E3C37E001207EC /* icon_PlaceOrder29.png */; };
		E455ED7117E3C37E001207EC /* icon_PlaceOrder57.png in Resources */ = {isa = PBXBuildFile; fileRef = E455ED6717E3C37E001207EC /* icon_PlaceOrder57.png */; };
		E455ED7217E3C37E001207EC /* icon_PlaceOrder58.png in Resources */ = {isa = PBXBuildFile; fileRef = E455ED6817E3C37E001207EC /* icon_PlaceOrder58.png */; };
		E455ED7317E3C37E001207EC /* icon_PlaceOrder80.png in Resources */ = {isa = PBXBuildFile; fileRef = E455ED6917E3C37E001207EC /* icon_PlaceOrder80.png */; };
		E455ED7417E3C37E001207EC /* Default-568h@2x.png in Resources */ = {isa = PBXBuildFile; fileRef = E455ED6B17E3C37E001207EC /* Default-568h@2x.png */; };
		E455ED7517E3C37E001207EC /* Default.png in Resources */ = {isa = PBXBuildFile; fileRef = E455ED6C17E3C37E001207EC /* Default.png */; };
		E455ED7617E3C37E001207EC /* Default~iphone.png in Resources */ = {isa = PBXBuildFile; fileRef = E455ED6D17E3C37E001207EC /* Default~iphone.png */; };
		E45B2E1B17E8BC9F00C689C7 /* card_order@2x.png in Resources */ = {isa = PBXBuildFile; fileRef = E45B2E1917E8BC9F00C689C7 /* card_order@2x.png */; };
		E45B2E1C17E8BC9F00C689C7 /* card_order.png in Resources */ = {isa = PBXBuildFile; fileRef = E45B2E1A17E8BC9F00C689C7 /* card_order.png */; };
		E45B2E2417E9099300C689C7 /* CoreText.framework in Frameworks */ = {isa = PBXBuildFile; fileRef = E45B2E2317E9099300C689C7 /* CoreText.framework */; };
		E45B2E2717E90EC500C689C7 /* WrapText.m in Sources */ = {isa = PBXBuildFile; fileRef = E45B2E2617E90EC500C689C7 /* WrapText.m */; };
		E45B2E2A17E913D300C689C7 /* arrow_over_right@2x.png in Resources */ = {isa = PBXBuildFile; fileRef = E45B2E2817E913D300C689C7 /* arrow_over_right@2x.png */; };
		E45B2E2B17E913D300C689C7 /* arrow_over_right.png in Resources */ = {isa = PBXBuildFile; fileRef = E45B2E2917E913D300C689C7 /* arrow_over_right.png */; };
		E46830ED17E2657B001A5CF6 /* bookmark-add.png in Resources */ = {isa = PBXBuildFile; fileRef = E46830D217E2657B001A5CF6 /* bookmark-add.png */; };
		E46830EE17E2657B001A5CF6 /* bookmark-add@2x.png in Resources */ = {isa = PBXBuildFile; fileRef = E46830D317E2657B001A5CF6 /* bookmark-add@2x.png */; };
		E46830EF17E2657B001A5CF6 /* bookmark-sub.png in Resources */ = {isa = PBXBuildFile; fileRef = E46830D417E2657B001A5CF6 /* bookmark-sub.png */; };
		E46830F017E2657B001A5CF6 /* bookmark1.png in Resources */ = {isa = PBXBuildFile; fileRef = E46830D517E2657B001A5CF6 /* bookmark1.png */; };
		E46830F117E2657B001A5CF6 /* bookmark1@2x.png in Resources */ = {isa = PBXBuildFile; fileRef = E46830D617E2657B001A5CF6 /* bookmark1@2x.png */; };
		E46830F217E2657B001A5CF6 /* buy_online.png in Resources */ = {isa = PBXBuildFile; fileRef = E46830D717E2657B001A5CF6 /* buy_online.png */; };
		E46830F317E2657B001A5CF6 /* card.png in Resources */ = {isa = PBXBuildFile; fileRef = E46830D817E2657B001A5CF6 /* card.png */; };
		E46830F417E2657B001A5CF6 /* card@2x.png in Resources */ = {isa = PBXBuildFile; fileRef = E46830D917E2657B001A5CF6 /* card@2x.png */; };
		E46830F517E2657B001A5CF6 /* complaint.png in Resources */ = {isa = PBXBuildFile; fileRef = E46830DA17E2657B001A5CF6 /* complaint.png */; };
		E46830F617E2657B001A5CF6 /* continue_buy.png in Resources */ = {isa = PBXBuildFile; fileRef = E46830DB17E2657B001A5CF6 /* continue_buy.png */; };
		E46830F717E2657B001A5CF6 /* delete.png in Resources */ = {isa = PBXBuildFile; fileRef = E46830DC17E2657B001A5CF6 /* delete.png */; };
		E46830F817E2657B001A5CF6 /* done.png in Resources */ = {isa = PBXBuildFile; fileRef = E46830DD17E2657B001A5CF6 /* done.png */; };
		E46830F917E2657B001A5CF6 /* done@2x.png in Resources */ = {isa = PBXBuildFile; fileRef = E46830DE17E2657B001A5CF6 /* done@2x.png */; };
		E46830FA17E2657B001A5CF6 /* facebook.png in Resources */ = {isa = PBXBuildFile; fileRef = E46830DF17E2657B001A5CF6 /* facebook.png */; };
		E46830FB17E2657B001A5CF6 /* info_user.png in Resources */ = {isa = PBXBuildFile; fileRef = E46830E017E2657B001A5CF6 /* info_user.png */; };
		E46830FC17E2657B001A5CF6 /* info_user@2x.png in Resources */ = {isa = PBXBuildFile; fileRef = E46830E117E2657B001A5CF6 /* info_user@2x.png */; };
		E46830FD17E2657B001A5CF6 /* loading.png in Resources */ = {isa = PBXBuildFile; fileRef = E46830E217E2657B001A5CF6 /* loading.png */; };
		E468310017E2657B001A5CF6 /* payment.png in Resources */ = {isa = PBXBuildFile; fileRef = E46830E517E2657B001A5CF6 /* payment.png */; };
		E468310117E2657B001A5CF6 /* rating-white.png in Resources */ = {isa = PBXBuildFile; fileRef = E46830E617E2657B001A5CF6 /* rating-white.png */; };
		E468310217E2657B001A5CF6 /* rating-yellow.png in Resources */ = {isa = PBXBuildFile; fileRef = E46830E717E2657B001A5CF6 /* rating-yellow.png */; };
		E468310317E2657B001A5CF6 /* rss.png in Resources */ = {isa = PBXBuildFile; fileRef = E46830E817E2657B001A5CF6 /* rss.png */; };
		E468310417E2657B001A5CF6 /* search.png in Resources */ = {isa = PBXBuildFile; fileRef = E46830E917E2657B001A5CF6 /* search.png */; };
		E468310517E2657B001A5CF6 /* twitter.png in Resources */ = {isa = PBXBuildFile; fileRef = E46830EA17E2657B001A5CF6 /* twitter.png */; };
		E468311617E26587001A5CF6 /* button_back.png in Resources */ = {isa = PBXBuildFile; fileRef = E468310617E26587001A5CF6 /* button_back.png */; };
		E468311717E26587001A5CF6 /* button_normal.png in Resources */ = {isa = PBXBuildFile; fileRef = E468310717E26587001A5CF6 /* button_normal.png */; };
		E468311817E26587001A5CF6 /* cell_bottom.png in Resources */ = {isa = PBXBuildFile; fileRef = E468310817E26587001A5CF6 /* cell_bottom.png */; };
		E468311917E26587001A5CF6 /* cell_bottom@2x.png in Resources */ = {isa = PBXBuildFile; fileRef = E468310917E26587001A5CF6 /* cell_bottom@2x.png */; };
		E468311A17E26587001A5CF6 /* cell_middle.png in Resources */ = {isa = PBXBuildFile; fileRef = E468310A17E26587001A5CF6 /* cell_middle.png */; };
		E468311B17E26587001A5CF6 /* cell_middle@2x.png in Resources */ = {isa = PBXBuildFile; fileRef = E468310B17E26587001A5CF6 /* cell_middle@2x.png */; };
		E468311C17E26587001A5CF6 /* cell_top_tile.png in Resources */ = {isa = PBXBuildFile; fileRef = E468310C17E26587001A5CF6 /* cell_top_tile.png */; };
		E468311D17E26587001A5CF6 /* cell_top.png in Resources */ = {isa = PBXBuildFile; fileRef = E468310D17E26587001A5CF6 /* cell_top.png */; };
		E468311E17E26587001A5CF6 /* common_bg.png in Resources */ = {isa = PBXBuildFile; fileRef = E468310E17E26587001A5CF6 /* common_bg.png */; };
		E468311F17E26587001A5CF6 /* common_bg@2x.png in Resources */ = {isa = PBXBuildFile; fileRef = E468310F17E26587001A5CF6 /* common_bg@2x.png */; };
		E468312017E26587001A5CF6 /* navbar_bg.png in Resources */ = {isa = PBXBuildFile; fileRef = E468311017E26587001A5CF6 /* navbar_bg.png */; };
		E468312117E26587001A5CF6 /* navbar_bg@2x.png in Resources */ = {isa = PBXBuildFile; fileRef = E468311117E26587001A5CF6 /* navbar_bg@2x.png */; };
		E468312217E26587001A5CF6 /* photo-frame.png in Resources */ = {isa = PBXBuildFile; fileRef = E468311217E26587001A5CF6 /* photo-frame.png */; };
		E468312317E26587001A5CF6 /* photo-frame@2x.png in Resources */ = {isa = PBXBuildFile; fileRef = E468311317E26587001A5CF6 /* photo-frame@2x.png */; };
		E468312417E26587001A5CF6 /* reveal-icon.png in Resources */ = {isa = PBXBuildFile; fileRef = E468311417E26587001A5CF6 /* reveal-icon.png */; };
		E468312517E26587001A5CF6 /* reveal-icon@2x.png in Resources */ = {isa = PBXBuildFile; fileRef = E468311517E26587001A5CF6 /* reveal-icon@2x.png */; };
		E468314E17E26EBE001A5CF6 /* QuartzCore.framework in Frameworks */ = {isa = PBXBuildFile; fileRef = E468314D17E26EBE001A5CF6 /* QuartzCore.framework */; };
		E468315017E26F73001A5CF6 /* SystemConfiguration.framework in Frameworks */ = {isa = PBXBuildFile; fileRef = E468314F17E26F73001A5CF6 /* SystemConfiguration.framework */; };
		E468316317E28992001A5CF6 /* UIBarButtonItem+Custom.m in Sources */ = {isa = PBXBuildFile; fileRef = E46830B417E263AA001A5CF6 /* UIBarButtonItem+Custom.m */; };
		E468316417E28992001A5CF6 /* UIColor+Hecxa.m in Sources */ = {isa = PBXBuildFile; fileRef = E46830B617E263AA001A5CF6 /* UIColor+Hecxa.m */; };
		E468316517E28992001A5CF6 /* IDProvince.m in Sources */ = {isa = PBXBuildFile; fileRef = E46830BA17E263DA001A5CF6 /* IDProvince.m */; };
		E468316617E28992001A5CF6 /* SaveDataCartSG.m in Sources */ = {isa = PBXBuildFile; fileRef = E46830BC17E263DA001A5CF6 /* SaveDataCartSG.m */; };
		E468316717E28992001A5CF6 /* CaculateDay.m in Sources */ = {isa = PBXBuildFile; fileRef = E46830C017E26424001A5CF6 /* CaculateDay.m */; };
		E468316817E28992001A5CF6 /* CustomBarButtonItem.m in Sources */ = {isa = PBXBuildFile; fileRef = E46830C217E26424001A5CF6 /* CustomBarButtonItem.m */; };
		E468316917E28992001A5CF6 /* ProductPaginator.m in Sources */ = {isa = PBXBuildFile; fileRef = E46830C417E26424001A5CF6 /* ProductPaginator.m */; };
		E468316A17E28992001A5CF6 /* DataManager.m in Sources */ = {isa = PBXBuildFile; fileRef = E468313F17E26ADD001A5CF6 /* DataManager.m */; };
		E468316B17E28992001A5CF6 /* RatingFood.m in Sources */ = {isa = PBXBuildFile; fileRef = E46830C617E26424001A5CF6 /* RatingFood.m */; };
		E468316C17E28992001A5CF6 /* ScaleImage.m in Sources */ = {isa = PBXBuildFile; fileRef = E46830C817E26424001A5CF6 /* ScaleImage.m */; };
		E468316D17E28992001A5CF6 /* DataInfomationUser.m in Sources */ = {isa = PBXBuildFile; fileRef = E468313617E266BA001A5CF6 /* DataInfomationUser.m */; };
		E468316E17E28992001A5CF6 /* DataListTypeProducts.m in Sources */ = {isa = PBXBuildFile; fileRef = E468313817E266BA001A5CF6 /* DataListTypeProducts.m */; };
		E468316F17E28992001A5CF6 /* DataProducts.m in Sources */ = {isa = PBXBuildFile; fileRef = E468313A17E266BA001A5CF6 /* DataProducts.m */; };
		E468317017E28992001A5CF6 /* FirstViewController.m in Sources */ = {isa = PBXBuildFile; fileRef = E4FF36ED17D67CCF00F3A641 /* FirstViewController.m */; };
		E468317117E28992001A5CF6 /* CartVC.m in Sources */ = {isa = PBXBuildFile; fileRef = E468312717E2667B001A5CF6 /* CartVC.m */; };
		E468317217E28992001A5CF6 /* DetailProduct.m in Sources */ = {isa = PBXBuildFile; fileRef = E468312917E2667B001A5CF6 /* DetailProduct.m */; };
		E468317317E28992001A5CF6 /* InfomationShopper.m in Sources */ = {isa = PBXBuildFile; fileRef = E468312B17E2667B001A5CF6 /* InfomationShopper.m */; };
		E468317417E28992001A5CF6 /* MainViewController.m in Sources */ = {isa = PBXBuildFile; fileRef = E468312D17E2667B001A5CF6 /* MainViewController.m */; };
		E468317517E28992001A5CF6 /* SidebarViewController.m in Sources */ = {isa = PBXBuildFile; fileRef = E468312F17E2667B001A5CF6 /* SidebarViewController.m */; };
		E468317617E28992001A5CF6 /* AppDelegate.m in Sources */ = {isa = PBXBuildFile; fileRef = E4FF36D217D675B800F3A641 /* AppDelegate.m */; };
		E468317717E2899D001A5CF6 /* main.m in Sources */ = {isa = PBXBuildFile; fileRef = E4FF36CE17D675B800F3A641 /* main.m */; };
		E47EF79E17EA435100D1129C /* Roboto-Black.ttf in Resources */ = {isa = PBXBuildFile; fileRef = E47EF79217EA435100D1129C /* Roboto-Black.ttf */; };
		E47EF79F17EA435100D1129C /* Roboto-BlackItalic.ttf in Resources */ = {isa = PBXBuildFile; fileRef = E47EF79317EA435100D1129C /* Roboto-BlackItalic.ttf */; };
		E47EF7A017EA435100D1129C /* Roboto-Bold.ttf in Resources */ = {isa = PBXBuildFile; fileRef = E47EF79417EA435100D1129C /* Roboto-Bold.ttf */; };
		E47EF7A117EA435100D1129C /* Roboto-BoldItalic.ttf in Resources */ = {isa = PBXBuildFile; fileRef = E47EF79517EA435100D1129C /* Roboto-BoldItalic.ttf */; };
		E47EF7A217EA435200D1129C /* Roboto-Italic.ttf in Resources */ = {isa = PBXBuildFile; fileRef = E47EF79617EA435100D1129C /* Roboto-Italic.ttf */; };
		E47EF7A317EA435200D1129C /* Roboto-Light.ttf in Resources */ = {isa = PBXBuildFile; fileRef = E47EF79717EA435100D1129C /* Roboto-Light.ttf */; };
		E47EF7A417EA435200D1129C /* Roboto-LightItalic.ttf in Resources */ = {isa = PBXBuildFile; fileRef = E47EF79817EA435100D1129C /* Roboto-LightItalic.ttf */; };
		E47EF7A517EA435200D1129C /* Roboto-Medium.ttf in Resources */ = {isa = PBXBuildFile; fileRef = E47EF79917EA435100D1129C /* Roboto-Medium.ttf */; };
		E47EF7A617EA435200D1129C /* Roboto-MediumItalic.ttf in Resources */ = {isa = PBXBuildFile; fileRef = E47EF79A17EA435100D1129C /* Roboto-MediumItalic.ttf */; };
		E47EF7A717EA435200D1129C /* Roboto-Regular.ttf in Resources */ = {isa = PBXBuildFile; fileRef = E47EF79B17EA435100D1129C /* Roboto-Regular.ttf */; };
		E47EF7A817EA435200D1129C /* Roboto-Thin.ttf in Resources */ = {isa = PBXBuildFile; fileRef = E47EF79C17EA435100D1129C /* Roboto-Thin.ttf */; };
		E47EF7A917EA435200D1129C /* Roboto-ThinItalic.ttf in Resources */ = {isa = PBXBuildFile; fileRef = E47EF79D17EA435100D1129C /* Roboto-ThinItalic.ttf */; };
		E47EF7AB17EA44A300D1129C /* MapKit.framework in Frameworks */ = {isa = PBXBuildFile; fileRef = E47EF7AA17EA44A300D1129C /* MapKit.framework */; };
		E48B4C4C17E77B10002992B7 /* arrow_over_left.png in Resources */ = {isa = PBXBuildFile; fileRef = E48B4C2A17E77B10002992B7 /* arrow_over_left.png */; };
		E48B4C4D17E77B10002992B7 /* arrow_quanlity_over.png in Resources */ = {isa = PBXBuildFile; fileRef = E48B4C2B17E77B10002992B7 /* arrow_quanlity_over.png */; };
		E48B4C4E17E77B10002992B7 /* arrow_quanlity.png in Resources */ = {isa = PBXBuildFile; fileRef = E48B4C2C17E77B10002992B7 /* arrow_quanlity.png */; };
		E48B4C4F17E77B10002992B7 /* arrow.png in Resources */ = {isa = PBXBuildFile; fileRef = E48B4C2D17E77B10002992B7 /* arrow.png */; };
		E48B4C5017E77B10002992B7 /* back_over.png in Resources */ = {isa = PBXBuildFile; fileRef = E48B4C2E17E77B10002992B7 /* back_over.png */; };
		E48B4C5117E77B10002992B7 /* back.png in Resources */ = {isa = PBXBuildFile; fileRef = E48B4C2F17E77B10002992B7 /* back.png */; };
		E48B4C5217E77B10002992B7 /* cart.png in Resources */ = {isa = PBXBuildFile; fileRef = E48B4C3017E77B10002992B7 /* cart.png */; };
		E48B4C5317E77B10002992B7 /* delete_over.png in Resources */ = {isa = PBXBuildFile; fileRef = E48B4C3117E77B10002992B7 /* delete_over.png */; };
		E48B4C5417E77B10002992B7 /* delete.png in Resources */ = {isa = PBXBuildFile; fileRef = E48B4C3217E77B10002992B7 /* delete.png */; };
		E48B4C5517E77B10002992B7 /* fav_over.png in Resources */ = {isa = PBXBuildFile; fileRef = E48B4C3317E77B10002992B7 /* fav_over.png */; };
		E48B4C5617E77B10002992B7 /* fav.png in Resources */ = {isa = PBXBuildFile; fileRef = E48B4C3417E77B10002992B7 /* fav.png */; };
		E48B4C5717E77B10002992B7 /* frame_arrow.png in Resources */ = {isa = PBXBuildFile; fileRef = E48B4C3517E77B10002992B7 /* frame_arrow.png */; };
		E48B4C5817E77B10002992B7 /* frame_quanlity.png in Resources */ = {isa = PBXBuildFile; fileRef = E48B4C3617E77B10002992B7 /* frame_quanlity.png */; };
		E48B4C5917E77B10002992B7 /* frame.png in Resources */ = {isa = PBXBuildFile; fileRef = E48B4C3717E77B10002992B7 /* frame.png */; };
		E48B4C5A17E77B10002992B7 /* hot.png in Resources */ = {isa = PBXBuildFile; fileRef = E48B4C3817E77B10002992B7 /* hot.png */; };
		E48B4C5B17E77B10002992B7 /* icon_coffee.png in Resources */ = {isa = PBXBuildFile; fileRef = E48B4C3917E77B10002992B7 /* icon_coffee.png */; };
		E48B4C5C17E77B10002992B7 /* icon_cream.png in Resources */ = {isa = PBXBuildFile; fileRef = E48B4C3A17E77B10002992B7 /* icon_cream.png */; };
		E48B4C5D17E77B10002992B7 /* icon_facebook.png in Resources */ = {isa = PBXBuildFile; fileRef = E48B4C3B17E77B10002992B7 /* icon_facebook.png */; };
		E48B4C5E17E77B10002992B7 /* icon_fastfood.png in Resources */ = {isa = PBXBuildFile; fileRef = E48B4C3C17E77B10002992B7 /* icon_fastfood.png */; };
		E48B4C5F17E77B10002992B7 /* icon_fav_disable.png in Resources */ = {isa = PBXBuildFile; fileRef = E48B4C3D17E77B10002992B7 /* icon_fav_disable.png */; };
		E48B4C6017E77B10002992B7 /* icon_fav_over.png in Resources */ = {isa = PBXBuildFile; fileRef = E48B4C3E17E77B10002992B7 /* icon_fav_over.png */; };
		E48B4C6117E77B10002992B7 /* icon_food.png in Resources */ = {isa = PBXBuildFile; fileRef = E48B4C3F17E77B10002992B7 /* icon_food.png */; };
		E48B4C6217E77B10002992B7 /* icon_gplus.png in Resources */ = {isa = PBXBuildFile; fileRef = E48B4C4017E77B10002992B7 /* icon_gplus.png */; };
		E48B4C6317E77B10002992B7 /* icon_tiwter.png in Resources */ = {isa = PBXBuildFile; fileRef = E48B4C4117E77B10002992B7 /* icon_tiwter.png */; };
		E48B4C6417E77B10002992B7 /* local_over.png in Resources */ = {isa = PBXBuildFile; fileRef = E48B4C4217E77B10002992B7 /* local_over.png */; };
		E48B4C6517E77B10002992B7 /* local.png in Resources */ = {isa = PBXBuildFile; fileRef = E48B4C4317E77B10002992B7 /* local.png */; };
		E48B4C6617E77B10002992B7 /* menu_over.png in Resources */ = {isa = PBXBuildFile; fileRef = E48B4C4417E77B10002992B7 /* menu_over.png */; };
		E48B4C6717E77B10002992B7 /* menu_white.png in Resources */ = {isa = PBXBuildFile; fileRef = E48B4C4517E77B10002992B7 /* menu_white.png */; };
		E48B4C6817E77B10002992B7 /* new.png in Resources */ = {isa = PBXBuildFile; fileRef = E48B4C4617E77B10002992B7 /* new.png */; };
		E48B4C6917E77B10002992B7 /* sale.png in Resources */ = {isa = PBXBuildFile; fileRef = E48B4C4717E77B10002992B7 /* sale.png */; };
		E48B4C6A17E77B10002992B7 /* share_over.png in Resources */ = {isa = PBXBuildFile; fileRef = E48B4C4817E77B10002992B7 /* share_over.png */; };
		E48B4C6B17E77B10002992B7 /* share.png in Resources */ = {isa = PBXBuildFile; fileRef = E48B4C4917E77B10002992B7 /* share.png */; };
		E48B4C6C17E77B10002992B7 /* user_over.png in Resources */ = {isa = PBXBuildFile; fileRef = E48B4C4A17E77B10002992B7 /* user_over.png */; };
		E48B4C6D17E77B10002992B7 /* user.png in Resources */ = {isa = PBXBuildFile; fileRef = E48B4C4B17E77B10002992B7 /* user.png */; };
		E48B4C9017E77B2C002992B7 /* arrow_over_left@2x.png in Resources */ = {isa = PBXBuildFile; fileRef = E48B4C6E17E77B2C002992B7 /* arrow_over_left@2x.png */; };
		E48B4C9117E77B2C002992B7 /* arrow_quanlity_over@2x.png in Resources */ = {isa = PBXBuildFile; fileRef = E48B4C6F17E77B2C002992B7 /* arrow_quanlity_over@2x.png */; };
		E48B4C9217E77B2C002992B7 /* arrow_quanlity@2x.png in Resources */ = {isa = PBXBuildFile; fileRef = E48B4C7017E77B2C002992B7 /* arrow_quanlity@2x.png */; };
		E48B4C9317E77B2C002992B7 /* arrow@2x.png in Resources */ = {isa = PBXBuildFile; fileRef = E48B4C7117E77B2C002992B7 /* arrow@2x.png */; };
		E48B4C9417E77B2C002992B7 /* back_over@2x.png in Resources */ = {isa = PBXBuildFile; fileRef = E48B4C7217E77B2C002992B7 /* back_over@2x.png */; };
		E48B4C9517E77B2C002992B7 /* back@2x.png in Resources */ = {isa = PBXBuildFile; fileRef = E48B4C7317E77B2C002992B7 /* back@2x.png */; };
		E48B4C9617E77B2C002992B7 /* cart@2x.png in Resources */ = {isa = PBXBuildFile; fileRef = E48B4C7417E77B2C002992B7 /* cart@2x.png */; };
		E48B4C9717E77B2C002992B7 /* delete_over@2x.png in Resources */ = {isa = PBXBuildFile; fileRef = E48B4C7517E77B2C002992B7 /* delete_over@2x.png */; };
		E48B4C9817E77B2C002992B7 /* delete@2x.png in Resources */ = {isa = PBXBuildFile; fileRef = E48B4C7617E77B2C002992B7 /* delete@2x.png */; };
		E48B4C9917E77B2C002992B7 /* fav_over@2x.png in Resources */ = {isa = PBXBuildFile; fileRef = E48B4C7717E77B2C002992B7 /* fav_over@2x.png */; };
		E48B4C9A17E77B2C002992B7 /* fav@2x.png in Resources */ = {isa = PBXBuildFile; fileRef = E48B4C7817E77B2C002992B7 /* fav@2x.png */; };
		E48B4C9B17E77B2C002992B7 /* frame_arrow@2x.png in Resources */ = {isa = PBXBuildFile; fileRef = E48B4C7917E77B2C002992B7 /* frame_arrow@2x.png */; };
		E48B4C9C17E77B2C002992B7 /* frame_quanlity@2x.png in Resources */ = {isa = PBXBuildFile; fileRef = E48B4C7A17E77B2C002992B7 /* frame_quanlity@2x.png */; };
		E48B4C9D17E77B2C002992B7 /* frame@2x.png in Resources */ = {isa = PBXBuildFile; fileRef = E48B4C7B17E77B2C002992B7 /* frame@2x.png */; };
		E48B4C9E17E77B2C002992B7 /* hot@2x.png in Resources */ = {isa = PBXBuildFile; fileRef = E48B4C7C17E77B2C002992B7 /* hot@2x.png */; };
		E48B4C9F17E77B2C002992B7 /* icon_coffee@2x.png in Resources */ = {isa = PBXBuildFile; fileRef = E48B4C7D17E77B2C002992B7 /* icon_coffee@2x.png */; };
		E48B4CA017E77B2C002992B7 /* icon_cream@2x.png in Resources */ = {isa = PBXBuildFile; fileRef = E48B4C7E17E77B2C002992B7 /* icon_cream@2x.png */; };
		E48B4CA117E77B2C002992B7 /* icon_facebook@2x.png in Resources */ = {isa = PBXBuildFile; fileRef = E48B4C7F17E77B2C002992B7 /* icon_facebook@2x.png */; };
		E48B4CA217E77B2C002992B7 /* icon_fastfood@2x.png in Resources */ = {isa = PBXBuildFile; fileRef = E48B4C8017E77B2C002992B7 /* icon_fastfood@2x.png */; };
		E48B4CA317E77B2C002992B7 /* icon_fav_disable@2x.png in Resources */ = {isa = PBXBuildFile; fileRef = E48B4C8117E77B2C002992B7 /* icon_fav_disable@2x.png */; };
		E48B4CA417E77B2C002992B7 /* icon_fav_over@2x.png in Resources */ = {isa = PBXBuildFile; fileRef = E48B4C8217E77B2C002992B7 /* icon_fav_over@2x.png */; };
		E48B4CA517E77B2C002992B7 /* icon_food@2x.png in Resources */ = {isa = PBXBuildFile; fileRef = E48B4C8317E77B2C002992B7 /* icon_food@2x.png */; };
		E48B4CA617E77B2C002992B7 /* icon_gplus@2x.png in Resources */ = {isa = PBXBuildFile; fileRef = E48B4C8417E77B2C002992B7 /* icon_gplus@2x.png */; };
		E48B4CA717E77B2C002992B7 /* icon_tiwter@2x.png in Resources */ = {isa = PBXBuildFile; fileRef = E48B4C8517E77B2C002992B7 /* icon_tiwter@2x.png */; };
		E48B4CA817E77B2C002992B7 /* local_over@2x.png in Resources */ = {isa = PBXBuildFile; fileRef = E48B4C8617E77B2C002992B7 /* local_over@2x.png */; };
		E48B4CA917E77B2C002992B7 /* local@2x.png in Resources */ = {isa = PBXBuildFile; fileRef = E48B4C8717E77B2C002992B7 /* local@2x.png */; };
		E48B4CAA17E77B2C002992B7 /* menu_over@2x.png in Resources */ = {isa = PBXBuildFile; fileRef = E48B4C8817E77B2C002992B7 /* menu_over@2x.png */; };
		E48B4CAB17E77B2C002992B7 /* menu_white@2x.png in Resources */ = {isa = PBXBuildFile; fileRef = E48B4C8917E77B2C002992B7 /* menu_white@2x.png */; };
		E48B4CAC17E77B2C002992B7 /* new@2x.png in Resources */ = {isa = PBXBuildFile; fileRef = E48B4C8A17E77B2C002992B7 /* new@2x.png */; };
		E48B4CAD17E77B2C002992B7 /* sale@2x.png in Resources */ = {isa = PBXBuildFile; fileRef = E48B4C8B17E77B2C002992B7 /* sale@2x.png */; };
		E48B4CAE17E77B2C002992B7 /* share_over@2x.png in Resources */ = {isa = PBXBuildFile; fileRef = E48B4C8C17E77B2C002992B7 /* share_over@2x.png */; };
		E48B4CAF17E77B2C002992B7 /* share@2x.png in Resources */ = {isa = PBXBuildFile; fileRef = E48B4C8D17E77B2C002992B7 /* share@2x.png */; };
		E48B4CB017E77B2C002992B7 /* user_over@2x.png in Resources */ = {isa = PBXBuildFile; fileRef = E48B4C8E17E77B2C002992B7 /* user_over@2x.png */; };
		E48B4CB117E77B2C002992B7 /* user@2x.png in Resources */ = {isa = PBXBuildFile; fileRef = E48B4C8F17E77B2C002992B7 /* user@2x.png */; };
		E48B4CD117E7A4DA002992B7 /* nav.png in Resources */ = {isa = PBXBuildFile; fileRef = E48B4CCF17E7A4DA002992B7 /* nav.png */; };
		E48B4CD217E7A4DA002992B7 /* nav@2x.png in Resources */ = {isa = PBXBuildFile; fileRef = E48B4CD017E7A4DA002992B7 /* nav@2x.png */; };
		E48B4CD517E7BB62002992B7 /* icon-weibo@2x.png in Resources */ = {isa = PBXBuildFile; fileRef = E48B4CD317E7BB62002992B7 /* icon-weibo@2x.png */; };
		E48B4CD617E7BB62002992B7 /* icon-weibo.png in Resources */ = {isa = PBXBuildFile; fileRef = E48B4CD417E7BB62002992B7 /* icon-weibo.png */; };
		E49887AF17DE874800CFF9FA /* Social.framework in Frameworks */ = {isa = PBXBuildFile; fileRef = E49887AE17DE874800CFF9FA /* Social.framework */; };
		E49E38EE17D805F800ADF7D6 /* ImageIO.framework in Frameworks */ = {isa = PBXBuildFile; fileRef = E49E38ED17D805F800ADF7D6 /* ImageIO.framework */; };
		E4F9C58017DA52DA006DB870 /* MessageUI.framework in Frameworks */ = {isa = PBXBuildFile; fileRef = E4F9C57F17DA52DA006DB870 /* MessageUI.framework */; };
		E4FF36C117D675B800F3A641 /* UIKit.framework in Frameworks */ = {isa = PBXBuildFile; fileRef = E4FF36C017D675B800F3A641 /* UIKit.framework */; };
		E4FF36C317D675B800F3A641 /* Foundation.framework in Frameworks */ = {isa = PBXBuildFile; fileRef = E4FF36C217D675B800F3A641 /* Foundation.framework */; };
		E4FF36C517D675B800F3A641 /* CoreGraphics.framework in Frameworks */ = {isa = PBXBuildFile; fileRef = E4FF36C417D675B800F3A641 /* CoreGraphics.framework */; };
		E4FF36C717D675B800F3A641 /* CoreData.framework in Frameworks */ = {isa = PBXBuildFile; fileRef = E4FF36C617D675B800F3A641 /* CoreData.framework */; };
		E4FF36CD17D675B800F3A641 /* InfoPlist.strings in Resources */ = {isa = PBXBuildFile; fileRef = E4FF36CB17D675B800F3A641 /* InfoPlist.strings */; };
		E4FF36D517D675B800F3A641 /* Default.png in Resources */ = {isa = PBXBuildFile; fileRef = E4FF36D417D675B800F3A641 /* Default.png */; };
		E4FF36D717D675B800F3A641 /* Default@2x.png in Resources */ = {isa = PBXBuildFile; fileRef = E4FF36D617D675B800F3A641 /* Default@2x.png */; };
		E4FF36D917D675B800F3A641 /* Default-568h@2x.png in Resources */ = {isa = PBXBuildFile; fileRef = E4FF36D817D675B800F3A641 /* Default-568h@2x.png */; };
		E4FF36DC17D675B800F3A641 /* Buy_Online.xcdatamodeld in Sources */ = {isa = PBXBuildFile; fileRef = E4FF36DA17D675B800F3A641 /* Buy_Online.xcdatamodeld */; };
		E4FF36E717D6766200F3A641 /* MainStoryBoard.storyboard in Resources */ = {isa = PBXBuildFile; fileRef = E4FF36E617D6766200F3A641 /* MainStoryBoard.storyboard */; };
		E4FF36EB17D67BE700F3A641 /* urlConnect.plist in Resources */ = {isa = PBXBuildFile; fileRef = E4FF36EA17D67BE700F3A641 /* urlConnect.plist */; };
/* End PBXBuildFile section */

/* Begin PBXFileReference section */
		0006F59EE0BA4A9F8432F5A8 /* Pods.xcconfig */ = {isa = PBXFileReference; includeInIndex = 1; lastKnownFileType = text.xcconfig; name = Pods.xcconfig; path = Pods/Pods.xcconfig; sourceTree = "<group>"; };
		2B4621B9A71846628CBA6221 /* libPods.a */ = {isa = PBXFileReference; explicitFileType = archive.ar; includeInIndex = 0; path = libPods.a; sourceTree = BUILT_PRODUCTS_DIR; };
		E455ED6017E379A1001207EC /* ConnectInternet.h */ = {isa = PBXFileReference; fileEncoding = 4; lastKnownFileType = sourcecode.c.h; name = ConnectInternet.h; path = Singleton/ConnectInternet.h; sourceTree = "<group>"; };
		E455ED6117E379A1001207EC /* ConnectInternet.m */ = {isa = PBXFileReference; fileEncoding = 4; lastKnownFileType = sourcecode.c.objc; name = ConnectInternet.m; path = Singleton/ConnectInternet.m; sourceTree = "<group>"; };
		E455ED6417E3C37E001207EC /* icon_PlaceOrder114.png */ = {isa = PBXFileReference; lastKnownFileType = image.png; path = icon_PlaceOrder114.png; sourceTree = "<group>"; };
		E455ED6517E3C37E001207EC /* icon_PlaceOrder120.png */ = {isa = PBXFileReference; lastKnownFileType = image.png; path = icon_PlaceOrder120.png; sourceTree = "<group>"; };
		E455ED6617E3C37E001207EC /* icon_PlaceOrder29.png */ = {isa = PBXFileReference; lastKnownFileType = image.png; path = icon_PlaceOrder29.png; sourceTree = "<group>"; };
		E455ED6717E3C37E001207EC /* icon_PlaceOrder57.png */ = {isa = PBXFileReference; lastKnownFileType = image.png; path = icon_PlaceOrder57.png; sourceTree = "<group>"; };
		E455ED6817E3C37E001207EC /* icon_PlaceOrder58.png */ = {isa = PBXFileReference; lastKnownFileType = image.png; path = icon_PlaceOrder58.png; sourceTree = "<group>"; };
		E455ED6917E3C37E001207EC /* icon_PlaceOrder80.png */ = {isa = PBXFileReference; lastKnownFileType = image.png; path = icon_PlaceOrder80.png; sourceTree = "<group>"; };
		E455ED6B17E3C37E001207EC /* Default-568h@2x.png */ = {isa = PBXFileReference; lastKnownFileType = image.png; path = "Default-568h@2x.png"; sourceTree = "<group>"; };
		E455ED6C17E3C37E001207EC /* Default.png */ = {isa = PBXFileReference; lastKnownFileType = image.png; path = Default.png; sourceTree = "<group>"; };
		E455ED6D17E3C37E001207EC /* Default~iphone.png */ = {isa = PBXFileReference; lastKnownFileType = image.png; path = "Default~iphone.png"; sourceTree = "<group>"; };
		E45B2E1917E8BC9F00C689C7 /* card_order@2x.png */ = {isa = PBXFileReference; lastKnownFileType = image.png; path = "card_order@2x.png"; sourceTree = "<group>"; };
		E45B2E1A17E8BC9F00C689C7 /* card_order.png */ = {isa = PBXFileReference; lastKnownFileType = image.png; path = card_order.png; sourceTree = "<group>"; };
		E45B2E2317E9099300C689C7 /* CoreText.framework */ = {isa = PBXFileReference; lastKnownFileType = wrapper.framework; name = CoreText.framework; path = System/Library/Frameworks/CoreText.framework; sourceTree = SDKROOT; };
		E45B2E2517E90EC500C689C7 /* WrapText.h */ = {isa = PBXFileReference; fileEncoding = 4; lastKnownFileType = sourcecode.c.h; name = WrapText.h; path = Support/WrapText.h; sourceTree = "<group>"; };
		E45B2E2617E90EC500C689C7 /* WrapText.m */ = {isa = PBXFileReference; fileEncoding = 4; lastKnownFileType = sourcecode.c.objc; name = WrapText.m; path = Support/WrapText.m; sourceTree = "<group>"; };
		E45B2E2817E913D300C689C7 /* arrow_over_right@2x.png */ = {isa = PBXFileReference; lastKnownFileType = image.png; path = "arrow_over_right@2x.png"; sourceTree = "<group>"; };
		E45B2E2917E913D300C689C7 /* arrow_over_right.png */ = {isa = PBXFileReference; lastKnownFileType = image.png; path = arrow_over_right.png; sourceTree = "<group>"; };
		E46830B317E263AA001A5CF6 /* UIBarButtonItem+Custom.h */ = {isa = PBXFileReference; fileEncoding = 4; lastKnownFileType = sourcecode.c.h; name = "UIBarButtonItem+Custom.h"; path = "Category/UIBarButtonItem+Custom.h"; sourceTree = "<group>"; };
		E46830B417E263AA001A5CF6 /* UIBarButtonItem+Custom.m */ = {isa = PBXFileReference; fileEncoding = 4; lastKnownFileType = sourcecode.c.objc; name = "UIBarButtonItem+Custom.m"; path = "Category/UIBarButtonItem+Custom.m"; sourceTree = "<group>"; };
		E46830B517E263AA001A5CF6 /* UIColor+Hecxa.h */ = {isa = PBXFileReference; fileEncoding = 4; lastKnownFileType = sourcecode.c.h; name = "UIColor+Hecxa.h"; path = "Category/UIColor+Hecxa.h"; sourceTree = "<group>"; };
		E46830B617E263AA001A5CF6 /* UIColor+Hecxa.m */ = {isa = PBXFileReference; fileEncoding = 4; lastKnownFileType = sourcecode.c.objc; name = "UIColor+Hecxa.m"; path = "Category/UIColor+Hecxa.m"; sourceTree = "<group>"; };
		E46830B917E263DA001A5CF6 /* IDProvince.h */ = {isa = PBXFileReference; fileEncoding = 4; lastKnownFileType = sourcecode.c.h; name = IDProvince.h; path = Singleton/IDProvince.h; sourceTree = "<group>"; };
		E46830BA17E263DA001A5CF6 /* IDProvince.m */ = {isa = PBXFileReference; fileEncoding = 4; lastKnownFileType = sourcecode.c.objc; name = IDProvince.m; path = Singleton/IDProvince.m; sourceTree = "<group>"; };
		E46830BB17E263DA001A5CF6 /* SaveDataCartSG.h */ = {isa = PBXFileReference; fileEncoding = 4; lastKnownFileType = sourcecode.c.h; name = SaveDataCartSG.h; path = Singleton/SaveDataCartSG.h; sourceTree = "<group>"; };
		E46830BC17E263DA001A5CF6 /* SaveDataCartSG.m */ = {isa = PBXFileReference; fileEncoding = 4; lastKnownFileType = sourcecode.c.objc; name = SaveDataCartSG.m; path = Singleton/SaveDataCartSG.m; sourceTree = "<group>"; };
		E46830BF17E26424001A5CF6 /* CaculateDay.h */ = {isa = PBXFileReference; fileEncoding = 4; lastKnownFileType = sourcecode.c.h; name = CaculateDay.h; path = Support/CaculateDay.h; sourceTree = "<group>"; };
		E46830C017E26424001A5CF6 /* CaculateDay.m */ = {isa = PBXFileReference; fileEncoding = 4; lastKnownFileType = sourcecode.c.objc; name = CaculateDay.m; path = Support/CaculateDay.m; sourceTree = "<group>"; };
		E46830C117E26424001A5CF6 /* CustomBarButtonItem.h */ = {isa = PBXFileReference; fileEncoding = 4; lastKnownFileType = sourcecode.c.h; name = CustomBarButtonItem.h; path = Support/CustomBarButtonItem.h; sourceTree = "<group>"; };
		E46830C217E26424001A5CF6 /* CustomBarButtonItem.m */ = {isa = PBXFileReference; fileEncoding = 4; lastKnownFileType = sourcecode.c.objc; name = CustomBarButtonItem.m; path = Support/CustomBarButtonItem.m; sourceTree = "<group>"; };
		E46830C317E26424001A5CF6 /* ProductPaginator.h */ = {isa = PBXFileReference; fileEncoding = 4; lastKnownFileType = sourcecode.c.h; name = ProductPaginator.h; path = Support/ProductPaginator.h; sourceTree = "<group>"; };
		E46830C417E26424001A5CF6 /* ProductPaginator.m */ = {isa = PBXFileReference; fileEncoding = 4; lastKnownFileType = sourcecode.c.objc; name = ProductPaginator.m; path = Support/ProductPaginator.m; sourceTree = "<group>"; };
		E46830C517E26424001A5CF6 /* RatingFood.h */ = {isa = PBXFileReference; fileEncoding = 4; lastKnownFileType = sourcecode.c.h; name = RatingFood.h; path = Support/RatingFood.h; sourceTree = "<group>"; };
		E46830C617E26424001A5CF6 /* RatingFood.m */ = {isa = PBXFileReference; fileEncoding = 4; lastKnownFileType = sourcecode.c.objc; name = RatingFood.m; path = Support/RatingFood.m; sourceTree = "<group>"; };
		E46830C717E26424001A5CF6 /* ScaleImage.h */ = {isa = PBXFileReference; fileEncoding = 4; lastKnownFileType = sourcecode.c.h; name = ScaleImage.h; path = Support/ScaleImage.h; sourceTree = "<group>"; };
		E46830C817E26424001A5CF6 /* ScaleImage.m */ = {isa = PBXFileReference; fileEncoding = 4; lastKnownFileType = sourcecode.c.objc; name = ScaleImage.m; path = Support/ScaleImage.m; sourceTree = "<group>"; };
		E46830D217E2657B001A5CF6 /* bookmark-add.png */ = {isa = PBXFileReference; lastKnownFileType = image.png; name = "bookmark-add.png"; path = "images/icons/bookmark-add.png"; sourceTree = "<group>"; };
		E46830D317E2657B001A5CF6 /* bookmark-add@2x.png */ = {isa = PBXFileReference; lastKnownFileType = image.png; name = "bookmark-add@2x.png"; path = "images/icons/bookmark-add@2x.png"; sourceTree = "<group>"; };
		E46830D417E2657B001A5CF6 /* bookmark-sub.png */ = {isa = PBXFileReference; lastKnownFileType = image.png; name = "bookmark-sub.png"; path = "images/icons/bookmark-sub.png"; sourceTree = "<group>"; };
		E46830D517E2657B001A5CF6 /* bookmark1.png */ = {isa = PBXFileReference; lastKnownFileType = image.png; name = bookmark1.png; path = images/icons/bookmark1.png; sourceTree = "<group>"; };
		E46830D617E2657B001A5CF6 /* bookmark1@2x.png */ = {isa = PBXFileReference; lastKnownFileType = image.png; name = "bookmark1@2x.png"; path = "images/icons/bookmark1@2x.png"; sourceTree = "<group>"; };
		E46830D717E2657B001A5CF6 /* buy_online.png */ = {isa = PBXFileReference; lastKnownFileType = image.png; name = buy_online.png; path = images/icons/buy_online.png; sourceTree = "<group>"; };
		E46830D817E2657B001A5CF6 /* card.png */ = {isa = PBXFileReference; lastKnownFileType = image.png; name = card.png; path = images/icons/card.png; sourceTree = "<group>"; };
		E46830D917E2657B001A5CF6 /* card@2x.png */ = {isa = PBXFileReference; lastKnownFileType = image.png; name = "card@2x.png"; path = "images/icons/card@2x.png"; sourceTree = "<group>"; };
		E46830DA17E2657B001A5CF6 /* complaint.png */ = {isa = PBXFileReference; lastKnownFileType = image.png; name = complaint.png; path = images/icons/complaint.png; sourceTree = "<group>"; };
		E46830DB17E2657B001A5CF6 /* continue_buy.png */ = {isa = PBXFileReference; lastKnownFileType = image.png; name = continue_buy.png; path = images/icons/continue_buy.png; sourceTree = "<group>"; };
		E46830DC17E2657B001A5CF6 /* delete.png */ = {isa = PBXFileReference; lastKnownFileType = image.png; name = delete.png; path = images/icons/delete.png; sourceTree = "<group>"; };
		E46830DD17E2657B001A5CF6 /* done.png */ = {isa = PBXFileReference; lastKnownFileType = image.png; name = done.png; path = images/icons/done.png; sourceTree = "<group>"; };
		E46830DE17E2657B001A5CF6 /* done@2x.png */ = {isa = PBXFileReference; lastKnownFileType = image.png; name = "done@2x.png"; path = "images/icons/done@2x.png"; sourceTree = "<group>"; };
		E46830DF17E2657B001A5CF6 /* facebook.png */ = {isa = PBXFileReference; lastKnownFileType = image.png; name = facebook.png; path = images/icons/facebook.png; sourceTree = "<group>"; };
		E46830E017E2657B001A5CF6 /* info_user.png */ = {isa = PBXFileReference; lastKnownFileType = image.png; name = info_user.png; path = images/icons/info_user.png; sourceTree = "<group>"; };
		E46830E117E2657B001A5CF6 /* info_user@2x.png */ = {isa = PBXFileReference; lastKnownFileType = image.png; name = "info_user@2x.png"; path = "images/icons/info_user@2x.png"; sourceTree = "<group>"; };
		E46830E217E2657B001A5CF6 /* loading.png */ = {isa = PBXFileReference; lastKnownFileType = image.png; name = loading.png; path = images/icons/loading.png; sourceTree = "<group>"; };
		E46830E517E2657B001A5CF6 /* payment.png */ = {isa = PBXFileReference; lastKnownFileType = image.png; name = payment.png; path = images/icons/payment.png; sourceTree = "<group>"; };
		E46830E617E2657B001A5CF6 /* rating-white.png */ = {isa = PBXFileReference; lastKnownFileType = image.png; name = "rating-white.png"; path = "images/icons/rating-white.png"; sourceTree = "<group>"; };
		E46830E717E2657B001A5CF6 /* rating-yellow.png */ = {isa = PBXFileReference; lastKnownFileType = image.png; name = "rating-yellow.png"; path = "images/icons/rating-yellow.png"; sourceTree = "<group>"; };
		E46830E817E2657B001A5CF6 /* rss.png */ = {isa = PBXFileReference; lastKnownFileType = image.png; name = rss.png; path = images/icons/rss.png; sourceTree = "<group>"; };
		E46830E917E2657B001A5CF6 /* search.png */ = {isa = PBXFileReference; lastKnownFileType = image.png; name = search.png; path = images/icons/search.png; sourceTree = "<group>"; };
		E46830EA17E2657B001A5CF6 /* twitter.png */ = {isa = PBXFileReference; lastKnownFileType = image.png; name = twitter.png; path = images/icons/twitter.png; sourceTree = "<group>"; };
		E468310617E26587001A5CF6 /* button_back.png */ = {isa = PBXFileReference; lastKnownFileType = image.png; name = button_back.png; path = "images/custom-view/button_back.png"; sourceTree = "<group>"; };
		E468310717E26587001A5CF6 /* button_normal.png */ = {isa = PBXFileReference; lastKnownFileType = image.png; name = button_normal.png; path = "images/custom-view/button_normal.png"; sourceTree = "<group>"; };
		E468310817E26587001A5CF6 /* cell_bottom.png */ = {isa = PBXFileReference; lastKnownFileType = image.png; name = cell_bottom.png; path = "images/custom-view/cell_bottom.png"; sourceTree = "<group>"; };
		E468310917E26587001A5CF6 /* cell_bottom@2x.png */ = {isa = PBXFileReference; lastKnownFileType = image.png; name = "cell_bottom@2x.png"; path = "images/custom-view/cell_bottom@2x.png"; sourceTree = "<group>"; };
		E468310A17E26587001A5CF6 /* cell_middle.png */ = {isa = PBXFileReference; lastKnownFileType = image.png; name = cell_middle.png; path = "images/custom-view/cell_middle.png"; sourceTree = "<group>"; };
		E468310B17E26587001A5CF6 /* cell_middle@2x.png */ = {isa = PBXFileReference; lastKnownFileType = image.png; name = "cell_middle@2x.png"; path = "images/custom-view/cell_middle@2x.png"; sourceTree = "<group>"; };
		E468310C17E26587001A5CF6 /* cell_top_tile.png */ = {isa = PBXFileReference; lastKnownFileType = image.png; name = cell_top_tile.png; path = "images/custom-view/cell_top_tile.png"; sourceTree = "<group>"; };
		E468310D17E26587001A5CF6 /* cell_top.png */ = {isa = PBXFileReference; lastKnownFileType = image.png; name = cell_top.png; path = "images/custom-view/cell_top.png"; sourceTree = "<group>"; };
		E468310E17E26587001A5CF6 /* common_bg.png */ = {isa = PBXFileReference; lastKnownFileType = image.png; name = common_bg.png; path = "images/custom-view/common_bg.png"; sourceTree = "<group>"; };
		E468310F17E26587001A5CF6 /* common_bg@2x.png */ = {isa = PBXFileReference; lastKnownFileType = image.png; name = "common_bg@2x.png"; path = "images/custom-view/common_bg@2x.png"; sourceTree = "<group>"; };
		E468311017E26587001A5CF6 /* navbar_bg.png */ = {isa = PBXFileReference; lastKnownFileType = image.png; name = navbar_bg.png; path = "images/custom-view/navbar_bg.png"; sourceTree = "<group>"; };
		E468311117E26587001A5CF6 /* navbar_bg@2x.png */ = {isa = PBXFileReference; lastKnownFileType = image.png; name = "navbar_bg@2x.png"; path = "images/custom-view/navbar_bg@2x.png"; sourceTree = "<group>"; };
		E468311217E26587001A5CF6 /* photo-frame.png */ = {isa = PBXFileReference; lastKnownFileType = image.png; name = "photo-frame.png"; path = "images/custom-view/photo-frame.png"; sourceTree = "<group>"; };
		E468311317E26587001A5CF6 /* photo-frame@2x.png */ = {isa = PBXFileReference; lastKnownFileType = image.png; name = "photo-frame@2x.png"; path = "images/custom-view/photo-frame@2x.png"; sourceTree = "<group>"; };
		E468311417E26587001A5CF6 /* reveal-icon.png */ = {isa = PBXFileReference; lastKnownFileType = image.png; name = "reveal-icon.png"; path = "images/custom-view/reveal-icon.png"; sourceTree = "<group>"; };
		E468311517E26587001A5CF6 /* reveal-icon@2x.png */ = {isa = PBXFileReference; lastKnownFileType = image.png; name = "reveal-icon@2x.png"; path = "images/custom-view/reveal-icon@2x.png"; sourceTree = "<group>"; };
		E468312617E2667B001A5CF6 /* CartVC.h */ = {isa = PBXFileReference; fileEncoding = 4; lastKnownFileType = sourcecode.c.h; name = CartVC.h; path = "Buy Online/Controller/CartVC.h"; sourceTree = "<group>"; };
		E468312717E2667B001A5CF6 /* CartVC.m */ = {isa = PBXFileReference; fileEncoding = 4; lastKnownFileType = sourcecode.c.objc; name = CartVC.m; path = "Buy Online/Controller/CartVC.m"; sourceTree = "<group>"; };
		E468312817E2667B001A5CF6 /* DetailProduct.h */ = {isa = PBXFileReference; fileEncoding = 4; lastKnownFileType = sourcecode.c.h; name = DetailProduct.h; path = "Buy Online/Controller/DetailProduct.h"; sourceTree = "<group>"; };
		E468312917E2667B001A5CF6 /* DetailProduct.m */ = {isa = PBXFileReference; fileEncoding = 4; lastKnownFileType = sourcecode.c.objc; name = DetailProduct.m; path = "Buy Online/Controller/DetailProduct.m"; sourceTree = "<group>"; };
		E468312A17E2667B001A5CF6 /* InfomationShopper.h */ = {isa = PBXFileReference; fileEncoding = 4; lastKnownFileType = sourcecode.c.h; name = InfomationShopper.h; path = "Buy Online/Controller/InfomationShopper.h"; sourceTree = "<group>"; };
		E468312B17E2667B001A5CF6 /* InfomationShopper.m */ = {isa = PBXFileReference; fileEncoding = 4; lastKnownFileType = sourcecode.c.objc; name = InfomationShopper.m; path = "Buy Online/Controller/InfomationShopper.m"; sourceTree = "<group>"; };
		E468312C17E2667B001A5CF6 /* MainViewController.h */ = {isa = PBXFileReference; fileEncoding = 4; lastKnownFileType = sourcecode.c.h; name = MainViewController.h; path = "Buy Online/Controller/MainViewController.h"; sourceTree = "<group>"; };
		E468312D17E2667B001A5CF6 /* MainViewController.m */ = {isa = PBXFileReference; fileEncoding = 4; lastKnownFileType = sourcecode.c.objc; name = MainViewController.m; path = "Buy Online/Controller/MainViewController.m"; sourceTree = "<group>"; };
		E468312E17E2667B001A5CF6 /* SidebarViewController.h */ = {isa = PBXFileReference; fileEncoding = 4; lastKnownFileType = sourcecode.c.h; name = SidebarViewController.h; path = "Buy Online/Controller/SidebarViewController.h"; sourceTree = "<group>"; };
		E468312F17E2667B001A5CF6 /* SidebarViewController.m */ = {isa = PBXFileReference; fileEncoding = 4; lastKnownFileType = sourcecode.c.objc; name = SidebarViewController.m; path = "Buy Online/Controller/SidebarViewController.m"; sourceTree = "<group>"; };
		E468313517E266BA001A5CF6 /* DataInfomationUser.h */ = {isa = PBXFileReference; fileEncoding = 4; lastKnownFileType = sourcecode.c.h; name = DataInfomationUser.h; path = "Buy Online/Model/DataInfomationUser.h"; sourceTree = "<group>"; };
		E468313617E266BA001A5CF6 /* DataInfomationUser.m */ = {isa = PBXFileReference; fileEncoding = 4; lastKnownFileType = sourcecode.c.objc; name = DataInfomationUser.m; path = "Buy Online/Model/DataInfomationUser.m"; sourceTree = "<group>"; };
		E468313717E266BA001A5CF6 /* DataListTypeProducts.h */ = {isa = PBXFileReference; fileEncoding = 4; lastKnownFileType = sourcecode.c.h; name = DataListTypeProducts.h; path = "Buy Online/Model/DataListTypeProducts.h"; sourceTree = "<group>"; };
		E468313817E266BA001A5CF6 /* DataListTypeProducts.m */ = {isa = PBXFileReference; fileEncoding = 4; lastKnownFileType = sourcecode.c.objc; name = DataListTypeProducts.m; path = "Buy Online/Model/DataListTypeProducts.m"; sourceTree = "<group>"; };
		E468313917E266BA001A5CF6 /* DataProducts.h */ = {isa = PBXFileReference; fileEncoding = 4; lastKnownFileType = sourcecode.c.h; name = DataProducts.h; path = "Buy Online/Model/DataProducts.h"; sourceTree = "<group>"; };
		E468313A17E266BA001A5CF6 /* DataProducts.m */ = {isa = PBXFileReference; fileEncoding = 4; lastKnownFileType = sourcecode.c.objc; name = DataProducts.m; path = "Buy Online/Model/DataProducts.m"; sourceTree = "<group>"; };
		E468313E17E26ADD001A5CF6 /* DataManager.h */ = {isa = PBXFileReference; fileEncoding = 4; lastKnownFileType = sourcecode.c.h; name = DataManager.h; path = Support/DataManager.h; sourceTree = "<group>"; };
		E468313F17E26ADD001A5CF6 /* DataManager.m */ = {isa = PBXFileReference; fileEncoding = 4; lastKnownFileType = sourcecode.c.objc; name = DataManager.m; path = Support/DataManager.m; sourceTree = "<group>"; };
		E468314D17E26EBE001A5CF6 /* QuartzCore.framework */ = {isa = PBXFileReference; lastKnownFileType = wrapper.framework; name = QuartzCore.framework; path = System/Library/Frameworks/QuartzCore.framework; sourceTree = SDKROOT; };
		E468314F17E26F73001A5CF6 /* SystemConfiguration.framework */ = {isa = PBXFileReference; lastKnownFileType = wrapper.framework; name = SystemConfiguration.framework; path = System/Library/Frameworks/SystemConfiguration.framework; sourceTree = SDKROOT; };
		E47EF79217EA435100D1129C /* Roboto-Black.ttf */ = {isa = PBXFileReference; lastKnownFileType = file; name = "Roboto-Black.ttf"; path = "font/Roboto-Black.ttf"; sourceTree = "<group>"; };
		E47EF79317EA435100D1129C /* Roboto-BlackItalic.ttf */ = {isa = PBXFileReference; lastKnownFileType = file; name = "Roboto-BlackItalic.ttf"; path = "font/Roboto-BlackItalic.ttf"; sourceTree = "<group>"; };
		E47EF79417EA435100D1129C /* Roboto-Bold.ttf */ = {isa = PBXFileReference; lastKnownFileType = file; name = "Roboto-Bold.ttf"; path = "font/Roboto-Bold.ttf"; sourceTree = "<group>"; };
		E47EF79517EA435100D1129C /* Roboto-BoldItalic.ttf */ = {isa = PBXFileReference; lastKnownFileType = file; name = "Roboto-BoldItalic.ttf"; path = "font/Roboto-BoldItalic.ttf"; sourceTree = "<group>"; };
		E47EF79617EA435100D1129C /* Roboto-Italic.ttf */ = {isa = PBXFileReference; lastKnownFileType = file; name = "Roboto-Italic.ttf"; path = "font/Roboto-Italic.ttf"; sourceTree = "<group>"; };
		E47EF79717EA435100D1129C /* Roboto-Light.ttf */ = {isa = PBXFileReference; lastKnownFileType = file; name = "Roboto-Light.ttf"; path = "font/Roboto-Light.ttf"; sourceTree = "<group>"; };
		E47EF79817EA435100D1129C /* Roboto-LightItalic.ttf */ = {isa = PBXFileReference; lastKnownFileType = file; name = "Roboto-LightItalic.ttf"; path = "font/Roboto-LightItalic.ttf"; sourceTree = "<group>"; };
		E47EF79917EA435100D1129C /* Roboto-Medium.ttf */ = {isa = PBXFileReference; lastKnownFileType = file; name = "Roboto-Medium.ttf"; path = "font/Roboto-Medium.ttf"; sourceTree = "<group>"; };
		E47EF79A17EA435100D1129C /* Roboto-MediumItalic.ttf */ = {isa = PBXFileReference; lastKnownFileType = file; name = "Roboto-MediumItalic.ttf"; path = "font/Roboto-MediumItalic.ttf"; sourceTree = "<group>"; };
		E47EF79B17EA435100D1129C /* Roboto-Regular.ttf */ = {isa = PBXFileReference; lastKnownFileType = file; name = "Roboto-Regular.ttf"; path = "font/Roboto-Regular.ttf"; sourceTree = "<group>"; };
		E47EF79C17EA435100D1129C /* Roboto-Thin.ttf */ = {isa = PBXFileReference; lastKnownFileType = file; name = "Roboto-Thin.ttf"; path = "font/Roboto-Thin.ttf"; sourceTree = "<group>"; };
		E47EF79D17EA435100D1129C /* Roboto-ThinItalic.ttf */ = {isa = PBXFileReference; lastKnownFileType = file; name = "Roboto-ThinItalic.ttf"; path = "font/Roboto-ThinItalic.ttf"; sourceTree = "<group>"; };
		E47EF7AA17EA44A300D1129C /* MapKit.framework */ = {isa = PBXFileReference; lastKnownFileType = wrapper.framework; name = MapKit.framework; path = System/Library/Frameworks/MapKit.framework; sourceTree = SDKROOT; };
		E48B4C2A17E77B10002992B7 /* arrow_over_left.png */ = {isa = PBXFileReference; lastKnownFileType = image.png; path = arrow_over_left.png; sourceTree = "<group>"; };
		E48B4C2B17E77B10002992B7 /* arrow_quanlity_over.png */ = {isa = PBXFileReference; lastKnownFileType = image.png; path = arrow_quanlity_over.png; sourceTree = "<group>"; };
		E48B4C2C17E77B10002992B7 /* arrow_quanlity.png */ = {isa = PBXFileReference; lastKnownFileType = image.png; path = arrow_quanlity.png; sourceTree = "<group>"; };
		E48B4C2D17E77B10002992B7 /* arrow.png */ = {isa = PBXFileReference; lastKnownFileType = image.png; path = arrow.png; sourceTree = "<group>"; };
		E48B4C2E17E77B10002992B7 /* back_over.png */ = {isa = PBXFileReference; lastKnownFileType = image.png; path = back_over.png; sourceTree = "<group>"; };
		E48B4C2F17E77B10002992B7 /* back.png */ = {isa = PBXFileReference; lastKnownFileType = image.png; path = back.png; sourceTree = "<group>"; };
		E48B4C3017E77B10002992B7 /* cart.png */ = {isa = PBXFileReference; lastKnownFileType = image.png; path = cart.png; sourceTree = "<group>"; };
		E48B4C3117E77B10002992B7 /* delete_over.png */ = {isa = PBXFileReference; lastKnownFileType = image.png; path = delete_over.png; sourceTree = "<group>"; };
		E48B4C3217E77B10002992B7 /* delete.png */ = {isa = PBXFileReference; lastKnownFileType = image.png; path = delete.png; sourceTree = "<group>"; };
		E48B4C3317E77B10002992B7 /* fav_over.png */ = {isa = PBXFileReference; lastKnownFileType = image.png; path = fav_over.png; sourceTree = "<group>"; };
		E48B4C3417E77B10002992B7 /* fav.png */ = {isa = PBXFileReference; lastKnownFileType = image.png; path = fav.png; sourceTree = "<group>"; };
		E48B4C3517E77B10002992B7 /* frame_arrow.png */ = {isa = PBXFileReference; lastKnownFileType = image.png; path = frame_arrow.png; sourceTree = "<group>"; };
		E48B4C3617E77B10002992B7 /* frame_quanlity.png */ = {isa = PBXFileReference; lastKnownFileType = image.png; path = frame_quanlity.png; sourceTree = "<group>"; };
		E48B4C3717E77B10002992B7 /* frame.png */ = {isa = PBXFileReference; lastKnownFileType = image.png; path = frame.png; sourceTree = "<group>"; };
		E48B4C3817E77B10002992B7 /* hot.png */ = {isa = PBXFileReference; lastKnownFileType = image.png; path = hot.png; sourceTree = "<group>"; };
		E48B4C3917E77B10002992B7 /* icon_coffee.png */ = {isa = PBXFileReference; lastKnownFileType = image.png; path = icon_coffee.png; sourceTree = "<group>"; };
		E48B4C3A17E77B10002992B7 /* icon_cream.png */ = {isa = PBXFileReference; lastKnownFileType = image.png; path = icon_cream.png; sourceTree = "<group>"; };
		E48B4C3B17E77B10002992B7 /* icon_facebook.png */ = {isa = PBXFileReference; lastKnownFileType = image.png; path = icon_facebook.png; sourceTree = "<group>"; };
		E48B4C3C17E77B10002992B7 /* icon_fastfood.png */ = {isa = PBXFileReference; lastKnownFileType = image.png; path = icon_fastfood.png; sourceTree = "<group>"; };
		E48B4C3D17E77B10002992B7 /* icon_fav_disable.png */ = {isa = PBXFileReference; lastKnownFileType = image.png; path = icon_fav_disable.png; sourceTree = "<group>"; };
		E48B4C3E17E77B10002992B7 /* icon_fav_over.png */ = {isa = PBXFileReference; lastKnownFileType = image.png; path = icon_fav_over.png; sourceTree = "<group>"; };
		E48B4C3F17E77B10002992B7 /* icon_food.png */ = {isa = PBXFileReference; lastKnownFileType = image.png; path = icon_food.png; sourceTree = "<group>"; };
		E48B4C4017E77B10002992B7 /* icon_gplus.png */ = {isa = PBXFileReference; lastKnownFileType = image.png; path = icon_gplus.png; sourceTree = "<group>"; };
		E48B4C4117E77B10002992B7 /* icon_tiwter.png */ = {isa = PBXFileReference; lastKnownFileType = image.png; path = icon_tiwter.png; sourceTree = "<group>"; };
		E48B4C4217E77B10002992B7 /* local_over.png */ = {isa = PBXFileReference; lastKnownFileType = image.png; path = local_over.png; sourceTree = "<group>"; };
		E48B4C4317E77B10002992B7 /* local.png */ = {isa = PBXFileReference; lastKnownFileType = image.png; path = local.png; sourceTree = "<group>"; };
		E48B4C4417E77B10002992B7 /* menu_over.png */ = {isa = PBXFileReference; lastKnownFileType = image.png; path = menu_over.png; sourceTree = "<group>"; };
		E48B4C4517E77B10002992B7 /* menu_white.png */ = {isa = PBXFileReference; lastKnownFileType = image.png; path = menu_white.png; sourceTree = "<group>"; };
		E48B4C4617E77B10002992B7 /* new.png */ = {isa = PBXFileReference; lastKnownFileType = image.png; path = new.png; sourceTree = "<group>"; };
		E48B4C4717E77B10002992B7 /* sale.png */ = {isa = PBXFileReference; lastKnownFileType = image.png; path = sale.png; sourceTree = "<group>"; };
		E48B4C4817E77B10002992B7 /* share_over.png */ = {isa = PBXFileReference; lastKnownFileType = image.png; path = share_over.png; sourceTree = "<group>"; };
		E48B4C4917E77B10002992B7 /* share.png */ = {isa = PBXFileReference; lastKnownFileType = image.png; path = share.png; sourceTree = "<group>"; };
		E48B4C4A17E77B10002992B7 /* user_over.png */ = {isa = PBXFileReference; lastKnownFileType = image.png; path = user_over.png; sourceTree = "<group>"; };
		E48B4C4B17E77B10002992B7 /* user.png */ = {isa = PBXFileReference; lastKnownFileType = image.png; path = user.png; sourceTree = "<group>"; };
		E48B4C6E17E77B2C002992B7 /* arrow_over_left@2x.png */ = {isa = PBXFileReference; lastKnownFileType = image.png; path = "arrow_over_left@2x.png"; sourceTree = "<group>"; };
		E48B4C6F17E77B2C002992B7 /* arrow_quanlity_over@2x.png */ = {isa = PBXFileReference; lastKnownFileType = image.png; path = "arrow_quanlity_over@2x.png"; sourceTree = "<group>"; };
		E48B4C7017E77B2C002992B7 /* arrow_quanlity@2x.png */ = {isa = PBXFileReference; lastKnownFileType = image.png; path = "arrow_quanlity@2x.png"; sourceTree = "<group>"; };
		E48B4C7117E77B2C002992B7 /* arrow@2x.png */ = {isa = PBXFileReference; lastKnownFileType = image.png; path = "arrow@2x.png"; sourceTree = "<group>"; };
		E48B4C7217E77B2C002992B7 /* back_over@2x.png */ = {isa = PBXFileReference; lastKnownFileType = image.png; path = "back_over@2x.png"; sourceTree = "<group>"; };
		E48B4C7317E77B2C002992B7 /* back@2x.png */ = {isa = PBXFileReference; lastKnownFileType = image.png; path = "back@2x.png"; sourceTree = "<group>"; };
		E48B4C7417E77B2C002992B7 /* cart@2x.png */ = {isa = PBXFileReference; lastKnownFileType = image.png; path = "cart@2x.png"; sourceTree = "<group>"; };
		E48B4C7517E77B2C002992B7 /* delete_over@2x.png */ = {isa = PBXFileReference; lastKnownFileType = image.png; path = "delete_over@2x.png"; sourceTree = "<group>"; };
		E48B4C7617E77B2C002992B7 /* delete@2x.png */ = {isa = PBXFileReference; lastKnownFileType = image.png; path = "delete@2x.png"; sourceTree = "<group>"; };
		E48B4C7717E77B2C002992B7 /* fav_over@2x.png */ = {isa = PBXFileReference; lastKnownFileType = image.png; path = "fav_over@2x.png"; sourceTree = "<group>"; };
		E48B4C7817E77B2C002992B7 /* fav@2x.png */ = {isa = PBXFileReference; lastKnownFileType = image.png; path = "fav@2x.png"; sourceTree = "<group>"; };
		E48B4C7917E77B2C002992B7 /* frame_arrow@2x.png */ = {isa = PBXFileReference; lastKnownFileType = image.png; path = "frame_arrow@2x.png"; sourceTree = "<group>"; };
		E48B4C7A17E77B2C002992B7 /* frame_quanlity@2x.png */ = {isa = PBXFileReference; lastKnownFileType = image.png; path = "frame_quanlity@2x.png"; sourceTree = "<group>"; };
		E48B4C7B17E77B2C002992B7 /* frame@2x.png */ = {isa = PBXFileReference; lastKnownFileType = image.png; path = "frame@2x.png"; sourceTree = "<group>"; };
		E48B4C7C17E77B2C002992B7 /* hot@2x.png */ = {isa = PBXFileReference; lastKnownFileType = image.png; path = "hot@2x.png"; sourceTree = "<group>"; };
		E48B4C7D17E77B2C002992B7 /* icon_coffee@2x.png */ = {isa = PBXFileReference; lastKnownFileType = image.png; path = "icon_coffee@2x.png"; sourceTree = "<group>"; };
		E48B4C7E17E77B2C002992B7 /* icon_cream@2x.png */ = {isa = PBXFileReference; lastKnownFileType = image.png; path = "icon_cream@2x.png"; sourceTree = "<group>"; };
		E48B4C7F17E77B2C002992B7 /* icon_facebook@2x.png */ = {isa = PBXFileReference; lastKnownFileType = image.png; path = "icon_facebook@2x.png"; sourceTree = "<group>"; };
		E48B4C8017E77B2C002992B7 /* icon_fastfood@2x.png */ = {isa = PBXFileReference; lastKnownFileType = image.png; path = "icon_fastfood@2x.png"; sourceTree = "<group>"; };
		E48B4C8117E77B2C002992B7 /* icon_fav_disable@2x.png */ = {isa = PBXFileReference; lastKnownFileType = image.png; path = "icon_fav_disable@2x.png"; sourceTree = "<group>"; };
		E48B4C8217E77B2C002992B7 /* icon_fav_over@2x.png */ = {isa = PBXFileReference; lastKnownFileType = image.png; path = "icon_fav_over@2x.png"; sourceTree = "<group>"; };
		E48B4C8317E77B2C002992B7 /* icon_food@2x.png */ = {isa = PBXFileReference; lastKnownFileType = image.png; path = "icon_food@2x.png"; sourceTree = "<group>"; };
		E48B4C8417E77B2C002992B7 /* icon_gplus@2x.png */ = {isa = PBXFileReference; lastKnownFileType = image.png; path = "icon_gplus@2x.png"; sourceTree = "<group>"; };
		E48B4C8517E77B2C002992B7 /* icon_tiwter@2x.png */ = {isa = PBXFileReference; lastKnownFileType = image.png; path = "icon_tiwter@2x.png"; sourceTree = "<group>"; };
		E48B4C8617E77B2C002992B7 /* local_over@2x.png */ = {isa = PBXFileReference; lastKnownFileType = image.png; path = "local_over@2x.png"; sourceTree = "<group>"; };
		E48B4C8717E77B2C002992B7 /* local@2x.png */ = {isa = PBXFileReference; lastKnownFileType = image.png; path = "local@2x.png"; sourceTree = "<group>"; };
		E48B4C8817E77B2C002992B7 /* menu_over@2x.png */ = {isa = PBXFileReference; lastKnownFileType = image.png; path = "menu_over@2x.png"; sourceTree = "<group>"; };
		E48B4C8917E77B2C002992B7 /* menu_white@2x.png */ = {isa = PBXFileReference; lastKnownFileType = image.png; path = "menu_white@2x.png"; sourceTree = "<group>"; };
		E48B4C8A17E77B2C002992B7 /* new@2x.png */ = {isa = PBXFileReference; lastKnownFileType = image.png; path = "new@2x.png"; sourceTree = "<group>"; };
		E48B4C8B17E77B2C002992B7 /* sale@2x.png */ = {isa = PBXFileReference; lastKnownFileType = image.png; path = "sale@2x.png"; sourceTree = "<group>"; };
		E48B4C8C17E77B2C002992B7 /* share_over@2x.png */ = {isa = PBXFileReference; lastKnownFileType = image.png; path = "share_over@2x.png"; sourceTree = "<group>"; };
		E48B4C8D17E77B2C002992B7 /* share@2x.png */ = {isa = PBXFileReference; lastKnownFileType = image.png; path = "share@2x.png"; sourceTree = "<group>"; };
		E48B4C8E17E77B2C002992B7 /* user_over@2x.png */ = {isa = PBXFileReference; lastKnownFileType = image.png; path = "user_over@2x.png"; sourceTree = "<group>"; };
		E48B4C8F17E77B2C002992B7 /* user@2x.png */ = {isa = PBXFileReference; lastKnownFileType = image.png; path = "user@2x.png"; sourceTree = "<group>"; };
		E48B4CCF17E7A4DA002992B7 /* nav.png */ = {isa = PBXFileReference; lastKnownFileType = image.png; path = nav.png; sourceTree = "<group>"; };
		E48B4CD017E7A4DA002992B7 /* nav@2x.png */ = {isa = PBXFileReference; lastKnownFileType = image.png; path = "nav@2x.png"; sourceTree = "<group>"; };
		E48B4CD317E7BB62002992B7 /* icon-weibo@2x.png */ = {isa = PBXFileReference; lastKnownFileType = image.png; path = "icon-weibo@2x.png"; sourceTree = "<group>"; };
		E48B4CD417E7BB62002992B7 /* icon-weibo.png */ = {isa = PBXFileReference; lastKnownFileType = image.png; path = "icon-weibo.png"; sourceTree = "<group>"; };
		E49887AE17DE874800CFF9FA /* Social.framework */ = {isa = PBXFileReference; lastKnownFileType = wrapper.framework; name = Social.framework; path = System/Library/Frameworks/Social.framework; sourceTree = SDKROOT; };
		E49E38ED17D805F800ADF7D6 /* ImageIO.framework */ = {isa = PBXFileReference; lastKnownFileType = wrapper.framework; name = ImageIO.framework; path = System/Library/Frameworks/ImageIO.framework; sourceTree = SDKROOT; };
		E4F9C57F17DA52DA006DB870 /* MessageUI.framework */ = {isa = PBXFileReference; lastKnownFileType = wrapper.framework; name = MessageUI.framework; path = System/Library/Frameworks/MessageUI.framework; sourceTree = SDKROOT; };
		E4FF36BD17D675B800F3A641 /* Buy Online.app */ = {isa = PBXFileReference; explicitFileType = wrapper.application; includeInIndex = 0; path = "Buy Online.app"; sourceTree = BUILT_PRODUCTS_DIR; };
		E4FF36C017D675B800F3A641 /* UIKit.framework */ = {isa = PBXFileReference; lastKnownFileType = wrapper.framework; name = UIKit.framework; path = System/Library/Frameworks/UIKit.framework; sourceTree = SDKROOT; };
		E4FF36C217D675B800F3A641 /* Foundation.framework */ = {isa = PBXFileReference; lastKnownFileType = wrapper.framework; name = Foundation.framework; path = System/Library/Frameworks/Foundation.framework; sourceTree = SDKROOT; };
		E4FF36C417D675B800F3A641 /* CoreGraphics.framework */ = {isa = PBXFileReference; lastKnownFileType = wrapper.framework; name = CoreGraphics.framework; path = System/Library/Frameworks/CoreGraphics.framework; sourceTree = SDKROOT; };
		E4FF36C617D675B800F3A641 /* CoreData.framework */ = {isa = PBXFileReference; lastKnownFileType = wrapper.framework; name = CoreData.framework; path = System/Library/Frameworks/CoreData.framework; sourceTree = SDKROOT; };
		E4FF36CA17D675B800F3A641 /* Buy Online-Info.plist */ = {isa = PBXFileReference; lastKnownFileType = text.plist.xml; path = "Buy Online-Info.plist"; sourceTree = "<group>"; };
		E4FF36CC17D675B800F3A641 /* en */ = {isa = PBXFileReference; lastKnownFileType = text.plist.strings; name = en; path = en.lproj/InfoPlist.strings; sourceTree = "<group>"; };
		E4FF36CE17D675B800F3A641 /* main.m */ = {isa = PBXFileReference; lastKnownFileType = sourcecode.c.objc; path = main.m; sourceTree = "<group>"; };
		E4FF36D017D675B800F3A641 /* Buy Online-Prefix.pch */ = {isa = PBXFileReference; lastKnownFileType = sourcecode.c.h; path = "Buy Online-Prefix.pch"; sourceTree = "<group>"; };
		E4FF36D117D675B800F3A641 /* AppDelegate.h */ = {isa = PBXFileReference; lastKnownFileType = sourcecode.c.h; path = AppDelegate.h; sourceTree = "<group>"; };
		E4FF36D217D675B800F3A641 /* AppDelegate.m */ = {isa = PBXFileReference; lastKnownFileType = sourcecode.c.objc; path = AppDelegate.m; sourceTree = "<group>"; };
		E4FF36D417D675B800F3A641 /* Default.png */ = {isa = PBXFileReference; lastKnownFileType = image.png; path = Default.png; sourceTree = "<group>"; };
		E4FF36D617D675B800F3A641 /* Default@2x.png */ = {isa = PBXFileReference; lastKnownFileType = image.png; path = "Default@2x.png"; sourceTree = "<group>"; };
		E4FF36D817D675B800F3A641 /* Default-568h@2x.png */ = {isa = PBXFileReference; lastKnownFileType = image.png; path = "Default-568h@2x.png"; sourceTree = "<group>"; };
		E4FF36DB17D675B800F3A641 /* Buy_Online.xcdatamodel */ = {isa = PBXFileReference; lastKnownFileType = wrapper.xcdatamodel; path = Buy_Online.xcdatamodel; sourceTree = "<group>"; };
		E4FF36E617D6766200F3A641 /* MainStoryBoard.storyboard */ = {isa = PBXFileReference; fileEncoding = 4; lastKnownFileType = file.storyboard; name = MainStoryBoard.storyboard; path = "Buy Online/MainStoryBoard.storyboard"; sourceTree = "<group>"; };
		E4FF36EA17D67BE700F3A641 /* urlConnect.plist */ = {isa = PBXFileReference; fileEncoding = 4; lastKnownFileType = text.plist.xml; path = urlConnect.plist; sourceTree = "<group>"; };
		E4FF36EC17D67CCF00F3A641 /* FirstViewController.h */ = {isa = PBXFileReference; fileEncoding = 4; lastKnownFileType = sourcecode.c.h; name = FirstViewController.h; path = "Buy Online/Controller/FirstViewController.h"; sourceTree = "<group>"; };
		E4FF36ED17D67CCF00F3A641 /* FirstViewController.m */ = {isa = PBXFileReference; fileEncoding = 4; lastKnownFileType = sourcecode.c.objc; name = FirstViewController.m; path = "Buy Online/Controller/FirstViewController.m"; sourceTree = "<group>"; };
/* End PBXFileReference section */

/* Begin PBXFrameworksBuildPhase section */
		E4FF36BA17D675B800F3A641 /* Frameworks */ = {
			isa = PBXFrameworksBuildPhase;
			buildActionMask = 2147483647;
			files = (
				E47EF7AB17EA44A300D1129C /* MapKit.framework in Frameworks */,
				E45B2E2417E9099300C689C7 /* CoreText.framework in Frameworks */,
				E468315017E26F73001A5CF6 /* SystemConfiguration.framework in Frameworks */,
				E468314E17E26EBE001A5CF6 /* QuartzCore.framework in Frameworks */,
				E49887AF17DE874800CFF9FA /* Social.framework in Frameworks */,
				E4F9C58017DA52DA006DB870 /* MessageUI.framework in Frameworks */,
				E49E38EE17D805F800ADF7D6 /* ImageIO.framework in Frameworks */,
				E4FF36C117D675B800F3A641 /* UIKit.framework in Frameworks */,
				E4FF36C317D675B800F3A641 /* Foundation.framework in Frameworks */,
				E4FF36C517D675B800F3A641 /* CoreGraphics.framework in Frameworks */,
				E4FF36C717D675B800F3A641 /* CoreData.framework in Frameworks */,
				09537D00D8554935A7B6842E /* libPods.a in Frameworks */,
			);
			runOnlyForDeploymentPostprocessing = 0;
		};
/* End PBXFrameworksBuildPhase section */

/* Begin PBXGroup section */
		E452112417D9438100F98804 /* Singelton */ = {
			isa = PBXGroup;
			children = (
				E46830B917E263DA001A5CF6 /* IDProvince.h */,
				E46830BA17E263DA001A5CF6 /* IDProvince.m */,
				E46830BB17E263DA001A5CF6 /* SaveDataCartSG.h */,
				E46830BC17E263DA001A5CF6 /* SaveDataCartSG.m */,
				E455ED6017E379A1001207EC /* ConnectInternet.h */,
				E455ED6117E379A1001207EC /* ConnectInternet.m */,
			);
			name = Singelton;
			sourceTree = "<group>";
		};
		E455ED6317E3C37E001207EC /* icon */ = {
			isa = PBXGroup;
			children = (
				E48B4C2917E77AE4002992B7 /* icons-new */,
				E455ED6417E3C37E001207EC /* icon_PlaceOrder114.png */,
				E455ED6517E3C37E001207EC /* icon_PlaceOrder120.png */,
				E455ED6617E3C37E001207EC /* icon_PlaceOrder29.png */,
				E455ED6717E3C37E001207EC /* icon_PlaceOrder57.png */,
				E455ED6817E3C37E001207EC /* icon_PlaceOrder58.png */,
				E455ED6917E3C37E001207EC /* icon_PlaceOrder80.png */,
			);
			name = icon;
			path = images/icon;
			sourceTree = "<group>";
		};
		E455ED6A17E3C37E001207EC /* splash */ = {
			isa = PBXGroup;
			children = (
				E455ED6B17E3C37E001207EC /* Default-568h@2x.png */,
				E455ED6C17E3C37E001207EC /* Default.png */,
				E455ED6D17E3C37E001207EC /* Default~iphone.png */,
			);
			name = splash;
			path = images/splash;
			sourceTree = "<group>";
		};
		E461FB1E17DFB27800A8440C /* DataCoredata */ = {
			isa = PBXGroup;
			children = (
			);
			name = DataCoredata;
			sourceTree = "<group>";
		};
		E46830CE17E2655D001A5CF6 /* icons */ = {
			isa = PBXGroup;
			children = (
				E46830D217E2657B001A5CF6 /* bookmark-add.png */,
				E46830D317E2657B001A5CF6 /* bookmark-add@2x.png */,
				E46830D417E2657B001A5CF6 /* bookmark-sub.png */,
				E46830D517E2657B001A5CF6 /* bookmark1.png */,
				E46830D617E2657B001A5CF6 /* bookmark1@2x.png */,
				E46830D717E2657B001A5CF6 /* buy_online.png */,
				E46830D817E2657B001A5CF6 /* card.png */,
				E46830D917E2657B001A5CF6 /* card@2x.png */,
				E46830DA17E2657B001A5CF6 /* complaint.png */,
				E46830DB17E2657B001A5CF6 /* continue_buy.png */,
				E46830DC17E2657B001A5CF6 /* delete.png */,
				E46830DD17E2657B001A5CF6 /* done.png */,
				E46830DE17E2657B001A5CF6 /* done@2x.png */,
				E46830DF17E2657B001A5CF6 /* facebook.png */,
				E46830E017E2657B001A5CF6 /* info_user.png */,
				E46830E117E2657B001A5CF6 /* info_user@2x.png */,
				E46830E217E2657B001A5CF6 /* loading.png */,
				E46830E517E2657B001A5CF6 /* payment.png */,
				E46830E617E2657B001A5CF6 /* rating-white.png */,
				E46830E717E2657B001A5CF6 /* rating-yellow.png */,
				E46830E817E2657B001A5CF6 /* rss.png */,
				E46830E917E2657B001A5CF6 /* search.png */,
				E46830EA17E2657B001A5CF6 /* twitter.png */,
			);
			name = icons;
			sourceTree = "<group>";
		};
		E46830CF17E26565001A5CF6 /* custom-view */ = {
			isa = PBXGroup;
			children = (
				E468310617E26587001A5CF6 /* button_back.png */,
				E468310717E26587001A5CF6 /* button_normal.png */,
				E468310817E26587001A5CF6 /* cell_bottom.png */,
				E468310917E26587001A5CF6 /* cell_bottom@2x.png */,
				E468310A17E26587001A5CF6 /* cell_middle.png */,
				E468310B17E26587001A5CF6 /* cell_middle@2x.png */,
				E468310C17E26587001A5CF6 /* cell_top_tile.png */,
				E468310D17E26587001A5CF6 /* cell_top.png */,
				E468310E17E26587001A5CF6 /* common_bg.png */,
				E468310F17E26587001A5CF6 /* common_bg@2x.png */,
				E468311017E26587001A5CF6 /* navbar_bg.png */,
				E468311117E26587001A5CF6 /* navbar_bg@2x.png */,
				E468311217E26587001A5CF6 /* photo-frame.png */,
				E468311317E26587001A5CF6 /* photo-frame@2x.png */,
				E468311417E26587001A5CF6 /* reveal-icon.png */,
				E468311517E26587001A5CF6 /* reveal-icon@2x.png */,
			);
			name = "custom-view";
			sourceTree = "<group>";
		};
		E48B4C2917E77AE4002992B7 /* icons-new */ = {
			isa = PBXGroup;
			children = (
				E48B4C2D17E77B10002992B7 /* arrow.png */,
				E48B4C7117E77B2C002992B7 /* arrow@2x.png */,
				E48B4C2A17E77B10002992B7 /* arrow_over_left.png */,
				E48B4C6E17E77B2C002992B7 /* arrow_over_left@2x.png */,
				E48B4C2C17E77B10002992B7 /* arrow_quanlity.png */,
				E48B4C7017E77B2C002992B7 /* arrow_quanlity@2x.png */,
				E45B2E2817E913D300C689C7 /* arrow_over_right@2x.png */,
				E45B2E2917E913D300C689C7 /* arrow_over_right.png */,
				E48B4C2B17E77B10002992B7 /* arrow_quanlity_over.png */,
				E48B4C6F17E77B2C002992B7 /* arrow_quanlity_over@2x.png */,
				E48B4C2F17E77B10002992B7 /* back.png */,
				E48B4C7317E77B2C002992B7 /* back@2x.png */,
				E48B4C2E17E77B10002992B7 /* back_over.png */,
				E48B4C7217E77B2C002992B7 /* back_over@2x.png */,
				E45B2E1A17E8BC9F00C689C7 /* card_order.png */,
				E45B2E1917E8BC9F00C689C7 /* card_order@2x.png */,
				E48B4C3017E77B10002992B7 /* cart.png */,
				E48B4C7417E77B2C002992B7 /* cart@2x.png */,
				E48B4C3217E77B10002992B7 /* delete.png */,
				E48B4C7617E77B2C002992B7 /* delete@2x.png */,
				E48B4C3117E77B10002992B7 /* delete_over.png */,
				E48B4C7517E77B2C002992B7 /* delete_over@2x.png */,
				E48B4C3417E77B10002992B7 /* fav.png */,
				E48B4C7817E77B2C002992B7 /* fav@2x.png */,
				E48B4C3317E77B10002992B7 /* fav_over.png */,
				E48B4C7717E77B2C002992B7 /* fav_over@2x.png */,
				E48B4C3717E77B10002992B7 /* frame.png */,
				E48B4C7B17E77B2C002992B7 /* frame@2x.png */,
				E48B4C3517E77B10002992B7 /* frame_arrow.png */,
				E48B4C7917E77B2C002992B7 /* frame_arrow@2x.png */,
				E48B4C3617E77B10002992B7 /* frame_quanlity.png */,
				E48B4C7A17E77B2C002992B7 /* frame_quanlity@2x.png */,
				E48B4C3817E77B10002992B7 /* hot.png */,
				E48B4C7C17E77B2C002992B7 /* hot@2x.png */,
				E48B4CD417E7BB62002992B7 /* icon-weibo.png */,
				E48B4CD317E7BB62002992B7 /* icon-weibo@2x.png */,
				E48B4C3917E77B10002992B7 /* icon_coffee.png */,
				E48B4C7D17E77B2C002992B7 /* icon_coffee@2x.png */,
				E48B4C3A17E77B10002992B7 /* icon_cream.png */,
				E48B4C7E17E77B2C002992B7 /* icon_cream@2x.png */,
				E48B4C3B17E77B10002992B7 /* icon_facebook.png */,
				E48B4C7F17E77B2C002992B7 /* icon_facebook@2x.png */,
				E48B4C3C17E77B10002992B7 /* icon_fastfood.png */,
				E48B4C8017E77B2C002992B7 /* icon_fastfood@2x.png */,
				E48B4C3D17E77B10002992B7 /* icon_fav_disable.png */,
				E48B4C8117E77B2C002992B7 /* icon_fav_disable@2x.png */,
				E48B4C3E17E77B10002992B7 /* icon_fav_over.png */,
				E48B4C8217E77B2C002992B7 /* icon_fav_over@2x.png */,
				E48B4C3F17E77B10002992B7 /* icon_food.png */,
				E48B4C8317E77B2C002992B7 /* icon_food@2x.png */,
				E48B4C4017E77B10002992B7 /* icon_gplus.png */,
				E48B4C8417E77B2C002992B7 /* icon_gplus@2x.png */,
				E48B4C4117E77B10002992B7 /* icon_tiwter.png */,
				E48B4C8517E77B2C002992B7 /* icon_tiwter@2x.png */,
				E48B4C4317E77B10002992B7 /* local.png */,
				E48B4C8717E77B2C002992B7 /* local@2x.png */,
				E48B4C4217E77B10002992B7 /* local_over.png */,
				E48B4C8617E77B2C002992B7 /* local_over@2x.png */,
				E48B4C4417E77B10002992B7 /* menu_over.png */,
				E48B4C8817E77B2C002992B7 /* menu_over@2x.png */,
				E48B4C4517E77B10002992B7 /* menu_white.png */,
				E48B4C8917E77B2C002992B7 /* menu_white@2x.png */,
				E48B4CCF17E7A4DA002992B7 /* nav.png */,
				E48B4CD017E7A4DA002992B7 /* nav@2x.png */,
				E48B4C4617E77B10002992B7 /* new.png */,
				E48B4C8A17E77B2C002992B7 /* new@2x.png */,
				E48B4C4717E77B10002992B7 /* sale.png */,
				E48B4C8B17E77B2C002992B7 /* sale@2x.png */,
				E48B4C4917E77B10002992B7 /* share.png */,
				E48B4C8D17E77B2C002992B7 /* share@2x.png */,
				E48B4C4817E77B10002992B7 /* share_over.png */,
				E48B4C8C17E77B2C002992B7 /* share_over@2x.png */,
				E48B4C4B17E77B10002992B7 /* user.png */,
				E48B4C8F17E77B2C002992B7 /* user@2x.png */,
				E48B4C4A17E77B10002992B7 /* user_over.png */,
				E48B4C8E17E77B2C002992B7 /* user_over@2x.png */,
			);
			name = "icons-new";
			sourceTree = "<group>";
		};
		E48B4CCA17E78A4D002992B7 /* fonts */ = {
			isa = PBXGroup;
			children = (
				E47EF79217EA435100D1129C /* Roboto-Black.ttf */,
				E47EF79317EA435100D1129C /* Roboto-BlackItalic.ttf */,
				E47EF79417EA435100D1129C /* Roboto-Bold.ttf */,
				E47EF79517EA435100D1129C /* Roboto-BoldItalic.ttf */,
				E47EF79617EA435100D1129C /* Roboto-Italic.ttf */,
				E47EF79717EA435100D1129C /* Roboto-Light.ttf */,
				E47EF79817EA435100D1129C /* Roboto-LightItalic.ttf */,
				E47EF79917EA435100D1129C /* Roboto-Medium.ttf */,
				E47EF79A17EA435100D1129C /* Roboto-MediumItalic.ttf */,
				E47EF79B17EA435100D1129C /* Roboto-Regular.ttf */,
				E47EF79C17EA435100D1129C /* Roboto-Thin.ttf */,
				E47EF79D17EA435100D1129C /* Roboto-ThinItalic.ttf */,
			);
			name = fonts;
			sourceTree = "<group>";
		};
		E498879E17DE665800CFF9FA /* category */ = {
			isa = PBXGroup;
			children = (
				E46830B317E263AA001A5CF6 /* UIBarButtonItem+Custom.h */,
				E46830B417E263AA001A5CF6 /* UIBarButtonItem+Custom.m */,
				E46830B517E263AA001A5CF6 /* UIColor+Hecxa.h */,
				E46830B617E263AA001A5CF6 /* UIColor+Hecxa.m */,
			);
			name = category;
			sourceTree = "<group>";
		};
		E49E385F17D7FD5800ADF7D6 /* Library */ = {
			isa = PBXGroup;
			children = (
			);
			name = Library;
			sourceTree = "<group>";
		};
		E49E38F717D80D0300ADF7D6 /* Support */ = {
			isa = PBXGroup;
			children = (
				E46830BF17E26424001A5CF6 /* CaculateDay.h */,
				E46830C017E26424001A5CF6 /* CaculateDay.m */,
				E46830C117E26424001A5CF6 /* CustomBarButtonItem.h */,
				E45B2E2517E90EC500C689C7 /* WrapText.h */,
				E45B2E2617E90EC500C689C7 /* WrapText.m */,
				E46830C217E26424001A5CF6 /* CustomBarButtonItem.m */,
				E46830C317E26424001A5CF6 /* ProductPaginator.h */,
				E46830C417E26424001A5CF6 /* ProductPaginator.m */,
				E468313E17E26ADD001A5CF6 /* DataManager.h */,
				E468313F17E26ADD001A5CF6 /* DataManager.m */,
				E46830C517E26424001A5CF6 /* RatingFood.h */,
				E46830C617E26424001A5CF6 /* RatingFood.m */,
				E46830C717E26424001A5CF6 /* ScaleImage.h */,
				E46830C817E26424001A5CF6 /* ScaleImage.m */,
			);
			name = Support;
			sourceTree = "<group>";
		};
		E4FF36B417D675B800F3A641 = {
			isa = PBXGroup;
			children = (
				E4FF36C817D675B800F3A641 /* Buy Online */,
				E4FF36BF17D675B800F3A641 /* Frameworks */,
				E4FF36BE17D675B800F3A641 /* Products */,
				0006F59EE0BA4A9F8432F5A8 /* Pods.xcconfig */,
			);
			sourceTree = "<group>";
		};
		E4FF36BE17D675B800F3A641 /* Products */ = {
			isa = PBXGroup;
			children = (
				E4FF36BD17D675B800F3A641 /* Buy Online.app */,
			);
			name = Products;
			sourceTree = "<group>";
		};
		E4FF36BF17D675B800F3A641 /* Frameworks */ = {
			isa = PBXGroup;
			children = (
				E47EF7AA17EA44A300D1129C /* MapKit.framework */,
				E45B2E2317E9099300C689C7 /* CoreText.framework */,
				E468314F17E26F73001A5CF6 /* SystemConfiguration.framework */,
				E468314D17E26EBE001A5CF6 /* QuartzCore.framework */,
				E49887AE17DE874800CFF9FA /* Social.framework */,
				E4F9C57F17DA52DA006DB870 /* MessageUI.framework */,
				E49E38ED17D805F800ADF7D6 /* ImageIO.framework */,
				E4FF36C017D675B800F3A641 /* UIKit.framework */,
				E4FF36C217D675B800F3A641 /* Foundation.framework */,
				E4FF36C417D675B800F3A641 /* CoreGraphics.framework */,
				E4FF36C617D675B800F3A641 /* CoreData.framework */,
				2B4621B9A71846628CBA6221 /* libPods.a */,
			);
			name = Frameworks;
			sourceTree = "<group>";
		};
		E4FF36C817D675B800F3A641 /* Buy Online */ = {
			isa = PBXGroup;
			children = (
				E48B4CCA17E78A4D002992B7 /* fonts */,
				E461FB1E17DFB27800A8440C /* DataCoredata */,
				E498879E17DE665800CFF9FA /* category */,
				E452112417D9438100F98804 /* Singelton */,
				E49E38F717D80D0300ADF7D6 /* Support */,
				E49E385F17D7FD5800ADF7D6 /* Library */,
				E4FF36F517D69F6600F3A641 /* images */,
				E4FF36F117D67CEB00F3A641 /* View */,
				E4FF36F017D67CE200F3A641 /* Model */,
				E4FF36EF17D67CD800F3A641 /* Controller */,
				E4FF36EA17D67BE700F3A641 /* urlConnect.plist */,
				E4FF36D117D675B800F3A641 /* AppDelegate.h */,
				E4FF36D217D675B800F3A641 /* AppDelegate.m */,
				E4FF36DA17D675B800F3A641 /* Buy_Online.xcdatamodeld */,
				E4FF36C917D675B800F3A641 /* Supporting Files */,
			);
			path = "Buy Online";
			sourceTree = "<group>";
		};
		E4FF36C917D675B800F3A641 /* Supporting Files */ = {
			isa = PBXGroup;
			children = (
				E4FF36CA17D675B800F3A641 /* Buy Online-Info.plist */,
				E4FF36CB17D675B800F3A641 /* InfoPlist.strings */,
				E4FF36CE17D675B800F3A641 /* main.m */,
				E4FF36D017D675B800F3A641 /* Buy Online-Prefix.pch */,
				E4FF36D417D675B800F3A641 /* Default.png */,
				E4FF36D617D675B800F3A641 /* Default@2x.png */,
				E4FF36D817D675B800F3A641 /* Default-568h@2x.png */,
			);
			name = "Supporting Files";
			sourceTree = "<group>";
		};
		E4FF36EF17D67CD800F3A641 /* Controller */ = {
			isa = PBXGroup;
			children = (
				E4FF36EC17D67CCF00F3A641 /* FirstViewController.h */,
				E4FF36ED17D67CCF00F3A641 /* FirstViewController.m */,
				E468312617E2667B001A5CF6 /* CartVC.h */,
				E468312717E2667B001A5CF6 /* CartVC.m */,
				E468312817E2667B001A5CF6 /* DetailProduct.h */,
				E468312917E2667B001A5CF6 /* DetailProduct.m */,
				E468312A17E2667B001A5CF6 /* InfomationShopper.h */,
				E468312B17E2667B001A5CF6 /* InfomationShopper.m */,
				E468312C17E2667B001A5CF6 /* MainViewController.h */,
				E468312D17E2667B001A5CF6 /* MainViewController.m */,
				E468312E17E2667B001A5CF6 /* SidebarViewController.h */,
				E468312F17E2667B001A5CF6 /* SidebarViewController.m */,
			);
			name = Controller;
			path = ..;
			sourceTree = "<group>";
		};
		E4FF36F017D67CE200F3A641 /* Model */ = {
			isa = PBXGroup;
			children = (
				E468313517E266BA001A5CF6 /* DataInfomationUser.h */,
				E468313617E266BA001A5CF6 /* DataInfomationUser.m */,
				E468313717E266BA001A5CF6 /* DataListTypeProducts.h */,
				E468313817E266BA001A5CF6 /* DataListTypeProducts.m */,
				E468313917E266BA001A5CF6 /* DataProducts.h */,
				E468313A17E266BA001A5CF6 /* DataProducts.m */,
			);
			name = Model;
			path = ..;
			sourceTree = "<group>";
		};
		E4FF36F117D67CEB00F3A641 /* View */ = {
			isa = PBXGroup;
			children = (
				E4FF36E617D6766200F3A641 /* MainStoryBoard.storyboard */,
			);
			name = View;
			path = ..;
			sourceTree = "<group>";
		};
		E4FF36F517D69F6600F3A641 /* images */ = {
			isa = PBXGroup;
			children = (
				E455ED6317E3C37E001207EC /* icon */,
				E455ED6A17E3C37E001207EC /* splash */,
				E46830CF17E26565001A5CF6 /* custom-view */,
				E46830CE17E2655D001A5CF6 /* icons */,
			);
			name = images;
			sourceTree = "<group>";
		};
/* End PBXGroup section */

/* Begin PBXNativeTarget section */
		E4FF36BC17D675B800F3A641 /* Buy Online */ = {
			isa = PBXNativeTarget;
			buildConfigurationList = E4FF36DF17D675B800F3A641 /* Build configuration list for PBXNativeTarget "Buy Online" */;
			buildPhases = (
				FE7760E1078B46F590580826 /* Check Pods Manifest.lock */,
				E4FF36B917D675B800F3A641 /* Sources */,
				E4FF36BA17D675B800F3A641 /* Frameworks */,
				E4FF36BB17D675B800F3A641 /* Resources */,
				8E66151F59AF472F945D5393 /* Copy Pods Resources */,
			);
			buildRules = (
			);
			dependencies = (
			);
			name = "Buy Online";
			productName = "Buy Online";
			productReference = E4FF36BD17D675B800F3A641 /* Buy Online.app */;
			productType = "com.apple.product-type.application";
		};
/* End PBXNativeTarget section */

/* Begin PBXProject section */
		E4FF36B517D675B800F3A641 /* Project object */ = {
			isa = PBXProject;
			attributes = {
				LastUpgradeCheck = 0460;
				ORGANIZATIONNAME = "Nguyen Huy Hung";
				TargetAttributes = {
					E4FF36BC17D675B800F3A641 = {
						DevelopmentTeam = 32MSK5YDT8;
					};
				};
			};
			buildConfigurationList = E4FF36B817D675B800F3A641 /* Build configuration list for PBXProject "Buy Online" */;
			compatibilityVersion = "Xcode 3.2";
			developmentRegion = English;
			hasScannedForEncodings = 0;
			knownRegions = (
				en,
			);
			mainGroup = E4FF36B417D675B800F3A641;
			productRefGroup = E4FF36BE17D675B800F3A641 /* Products */;
			projectDirPath = "";
			projectRoot = "";
			targets = (
				E4FF36BC17D675B800F3A641 /* Buy Online */,
			);
		};
/* End PBXProject section */

/* Begin PBXResourcesBuildPhase section */
		E4FF36BB17D675B800F3A641 /* Resources */ = {
			isa = PBXResourcesBuildPhase;
			buildActionMask = 2147483647;
			files = (
				E48B4C6117E77B10002992B7 /* icon_food.png in Resources */,
				E4FF36CD17D675B800F3A641 /* InfoPlist.strings in Resources */,
				E468310317E2657B001A5CF6 /* rss.png in Resources */,
				E48B4C9F17E77B2C002992B7 /* icon_coffee@2x.png in Resources */,
				E48B4C9617E77B2C002992B7 /* cart@2x.png in Resources */,
				E48B4C5D17E77B10002992B7 /* icon_facebook.png in Resources */,
				E455ED6F17E3C37E001207EC /* icon_PlaceOrder120.png in Resources */,
				E48B4CAC17E77B2C002992B7 /* new@2x.png in Resources */,
				E46830F817E2657B001A5CF6 /* done.png in Resources */,
				E45B2E1B17E8BC9F00C689C7 /* card_order@2x.png in Resources */,
				E47EF79E17EA435100D1129C /* Roboto-Black.ttf in Resources */,
				E48B4CD117E7A4DA002992B7 /* nav.png in Resources */,
				E48B4C4C17E77B10002992B7 /* arrow_over_left.png in Resources */,
				E48B4C9D17E77B2C002992B7 /* frame@2x.png in Resources */,
				E468311917E26587001A5CF6 /* cell_bottom@2x.png in Resources */,
				E48B4CA817E77B2C002992B7 /* local_over@2x.png in Resources */,
				E46830F217E2657B001A5CF6 /* buy_online.png in Resources */,
				E468311B17E26587001A5CF6 /* cell_middle@2x.png in Resources */,
				E468311F17E26587001A5CF6 /* common_bg@2x.png in Resources */,
				E455ED7417E3C37E001207EC /* Default-568h@2x.png in Resources */,
				E468312317E26587001A5CF6 /* photo-frame@2x.png in Resources */,
				E46830FB17E2657B001A5CF6 /* info_user.png in Resources */,
				E47EF7A717EA435200D1129C /* Roboto-Regular.ttf in Resources */,
				E48B4CA217E77B2C002992B7 /* icon_fastfood@2x.png in Resources */,
				E48B4CA717E77B2C002992B7 /* icon_tiwter@2x.png in Resources */,
				E47EF7A417EA435200D1129C /* Roboto-LightItalic.ttf in Resources */,
				E48B4C5117E77B10002992B7 /* back.png in Resources */,
				E48B4CA017E77B2C002992B7 /* icon_cream@2x.png in Resources */,
				E48B4C4E17E77B10002992B7 /* arrow_quanlity.png in Resources */,
				E48B4C6017E77B10002992B7 /* icon_fav_over.png in Resources */,
				E455ED7317E3C37E001207EC /* icon_PlaceOrder80.png in Resources */,
				E48B4CA617E77B2C002992B7 /* icon_gplus@2x.png in Resources */,
				E48B4C6517E77B10002992B7 /* local.png in Resources */,
				E48B4C9317E77B2C002992B7 /* arrow@2x.png in Resources */,
				E48B4C5E17E77B10002992B7 /* icon_fastfood.png in Resources */,
				E48B4C5217E77B10002992B7 /* cart.png in Resources */,
				E48B4C6717E77B10002992B7 /* menu_white.png in Resources */,
				E48B4CA517E77B2C002992B7 /* icon_food@2x.png in Resources */,
				E48B4C9C17E77B2C002992B7 /* frame_quanlity@2x.png in Resources */,
				E47EF7A217EA435200D1129C /* Roboto-Italic.ttf in Resources */,
				E468311817E26587001A5CF6 /* cell_bottom.png in Resources */,
				E47EF7A817EA435200D1129C /* Roboto-Thin.ttf in Resources */,
				E48B4C9817E77B2C002992B7 /* delete@2x.png in Resources */,
				E468310517E2657B001A5CF6 /* twitter.png in Resources */,
				E48B4CAB17E77B2C002992B7 /* menu_white@2x.png in Resources */,
				E48B4C9917E77B2C002992B7 /* fav_over@2x.png in Resources */,
				E46830FA17E2657B001A5CF6 /* facebook.png in Resources */,
				E48B4C6D17E77B10002992B7 /* user.png in Resources */,
				E46830F417E2657B001A5CF6 /* card@2x.png in Resources */,
				E47EF7A317EA435200D1129C /* Roboto-Light.ttf in Resources */,
				E48B4CD217E7A4DA002992B7 /* nav@2x.png in Resources */,
				E468312217E26587001A5CF6 /* photo-frame.png in Resources */,
				E48B4C6617E77B10002992B7 /* menu_over.png in Resources */,
				E48B4C5917E77B10002992B7 /* frame.png in Resources */,
				E46830EF17E2657B001A5CF6 /* bookmark-sub.png in Resources */,
				E48B4C5317E77B10002992B7 /* delete_over.png in Resources */,
				E45B2E1C17E8BC9F00C689C7 /* card_order.png in Resources */,
				E48B4CAD17E77B2C002992B7 /* sale@2x.png in Resources */,
				E4FF36D517D675B800F3A641 /* Default.png in Resources */,
				E48B4C5C17E77B10002992B7 /* icon_cream.png in Resources */,
				E48B4CAF17E77B2C002992B7 /* share@2x.png in Resources */,
				E48B4C6417E77B10002992B7 /* local_over.png in Resources */,
				E48B4C5417E77B10002992B7 /* delete.png in Resources */,
				E48B4C6B17E77B10002992B7 /* share.png in Resources */,
				E48B4C6317E77B10002992B7 /* icon_tiwter.png in Resources */,
				E48B4C9B17E77B2C002992B7 /* frame_arrow@2x.png in Resources */,
				E468311717E26587001A5CF6 /* button_normal.png in Resources */,
				E48B4C6217E77B10002992B7 /* icon_gplus.png in Resources */,
				E46830F917E2657B001A5CF6 /* done@2x.png in Resources */,
				E48B4C9117E77B2C002992B7 /* arrow_quanlity_over@2x.png in Resources */,
				E468312017E26587001A5CF6 /* navbar_bg.png in Resources */,
				E46830F117E2657B001A5CF6 /* bookmark1@2x.png in Resources */,
				E48B4C4D17E77B10002992B7 /* arrow_quanlity_over.png in Resources */,
				E455ED6E17E3C37E001207EC /* icon_PlaceOrder114.png in Resources */,
				E455ED7617E3C37E001207EC /* Default~iphone.png in Resources */,
				E468310017E2657B001A5CF6 /* payment.png in Resources */,
				E48B4C9217E77B2C002992B7 /* arrow_quanlity@2x.png in Resources */,
				E48B4CAA17E77B2C002992B7 /* menu_over@2x.png in Resources */,
				E45B2E2B17E913D300C689C7 /* arrow_over_right.png in Resources */,
				E47EF7A117EA435100D1129C /* Roboto-BoldItalic.ttf in Resources */,
				E468312417E26587001A5CF6 /* reveal-icon.png in Resources */,
				E48B4C5017E77B10002992B7 /* back_over.png in Resources */,
				E47EF7A517EA435200D1129C /* Roboto-Medium.ttf in Resources */,
				E455ED7517E3C37E001207EC /* Default.png in Resources */,
				E47EF7A017EA435100D1129C /* Roboto-Bold.ttf in Resources */,
				E468311C17E26587001A5CF6 /* cell_top_tile.png in Resources */,
				E48B4C5817E77B10002992B7 /* frame_quanlity.png in Resources */,
				E46830F617E2657B001A5CF6 /* continue_buy.png in Resources */,
				E46830ED17E2657B001A5CF6 /* bookmark-add.png in Resources */,
				E48B4C6817E77B10002992B7 /* new.png in Resources */,
				E48B4C9417E77B2C002992B7 /* back_over@2x.png in Resources */,
				E48B4C9A17E77B2C002992B7 /* fav@2x.png in Resources */,
				E4FF36D717D675B800F3A641 /* Default@2x.png in Resources */,
				E48B4C6C17E77B10002992B7 /* user_over.png in Resources */,
				E47EF7A917EA435200D1129C /* Roboto-ThinItalic.ttf in Resources */,
				E48B4C6917E77B10002992B7 /* sale.png in Resources */,
				E48B4C5B17E77B10002992B7 /* icon_coffee.png in Resources */,
				E455ED7217E3C37E001207EC /* icon_PlaceOrder58.png in Resources */,
				E48B4CB017E77B2C002992B7 /* user_over@2x.png in Resources */,
				E48B4C9017E77B2C002992B7 /* arrow_over_left@2x.png in Resources */,
				E4FF36D917D675B800F3A641 /* Default-568h@2x.png in Resources */,
				E46830FC17E2657B001A5CF6 /* info_user@2x.png in Resources */,
				E455ED7017E3C37E001207EC /* icon_PlaceOrder29.png in Resources */,
				E468311617E26587001A5CF6 /* button_back.png in Resources */,
				E48B4C5517E77B10002992B7 /* fav_over.png in Resources */,
				E468310417E2657B001A5CF6 /* search.png in Resources */,
				E48B4C9517E77B2C002992B7 /* back@2x.png in Resources */,
				E46830F017E2657B001A5CF6 /* bookmark1.png in Resources */,
				E48B4C5A17E77B10002992B7 /* hot.png in Resources */,
				E48B4C5617E77B10002992B7 /* fav.png in Resources */,
				E468311E17E26587001A5CF6 /* common_bg.png in Resources */,
				E46830F517E2657B001A5CF6 /* complaint.png in Resources */,
				E48B4CA917E77B2C002992B7 /* local@2x.png in Resources */,
				E48B4CA117E77B2C002992B7 /* icon_facebook@2x.png in Resources */,
				E48B4CA417E77B2C002992B7 /* icon_fav_over@2x.png in Resources */,
				E45B2E2A17E913D300C689C7 /* arrow_over_right@2x.png in Resources */,
				E48B4CA317E77B2C002992B7 /* icon_fav_disable@2x.png in Resources */,
				E468312517E26587001A5CF6 /* reveal-icon@2x.png in Resources */,
				E46830F317E2657B001A5CF6 /* card.png in Resources */,
				E46830FD17E2657B001A5CF6 /* loading.png in Resources */,
				E468311D17E26587001A5CF6 /* cell_top.png in Resources */,
				E48B4C5717E77B10002992B7 /* frame_arrow.png in Resources */,
				E4FF36E717D6766200F3A641 /* MainStoryBoard.storyboard in Resources */,
				E48B4CAE17E77B2C002992B7 /* share_over@2x.png in Resources */,
				E468311A17E26587001A5CF6 /* cell_middle.png in Resources */,
				E455ED7117E3C37E001207EC /* icon_PlaceOrder57.png in Resources */,
				E48B4CD517E7BB62002992B7 /* icon-weibo@2x.png in Resources */,
				E48B4CD617E7BB62002992B7 /* icon-weibo.png in Resources */,
				E48B4C9E17E77B2C002992B7 /* hot@2x.png in Resources */,
				E48B4C6A17E77B10002992B7 /* share_over.png in Resources */,
				E48B4C4F17E77B10002992B7 /* arrow.png in Resources */,
				E47EF7A617EA435200D1129C /* Roboto-MediumItalic.ttf in Resources */,
				E46830F717E2657B001A5CF6 /* delete.png in Resources */,
				E48B4C9717E77B2C002992B7 /* delete_over@2x.png in Resources */,
				E46830EE17E2657B001A5CF6 /* bookmark-add@2x.png in Resources */,
				E48B4C5F17E77B10002992B7 /* icon_fav_disable.png in Resources */,
				E4FF36EB17D67BE700F3A641 /* urlConnect.plist in Resources */,
				E47EF79F17EA435100D1129C /* Roboto-BlackItalic.ttf in Resources */,
				E468310217E2657B001A5CF6 /* rating-yellow.png in Resources */,
				E48B4CB117E77B2C002992B7 /* user@2x.png in Resources */,
				E468312117E26587001A5CF6 /* navbar_bg@2x.png in Resources */,
				E468310117E2657B001A5CF6 /* rating-white.png in Resources */,
			);
			runOnlyForDeploymentPostprocessing = 0;
		};
/* End PBXResourcesBuildPhase section */

/* Begin PBXShellScriptBuildPhase section */
		8E66151F59AF472F945D5393 /* Copy Pods Resources */ = {
			isa = PBXShellScriptBuildPhase;
			buildActionMask = 8;
			files = (
			);
			inputPaths = (
			);
			name = "Copy Pods Resources";
			outputPaths = (
			);
			runOnlyForDeploymentPostprocessing = 1;
			shellPath = /bin/sh;
			shellScript = "\"${SRCROOT}/Pods/Pods-resources.sh\"\n";
			showEnvVarsInLog = 0;
		};
		FE7760E1078B46F590580826 /* Check Pods Manifest.lock */ = {
			isa = PBXShellScriptBuildPhase;
			buildActionMask = 8;
			files = (
			);
			inputPaths = (
			);
			name = "Check Pods Manifest.lock";
			outputPaths = (
			);
			runOnlyForDeploymentPostprocessing = 1;
			shellPath = /bin/sh;
			shellScript = "diff \"${PODS_ROOT}/../Podfile.lock\" \"${PODS_ROOT}/Manifest.lock\" > /dev/null\nif [[ $? != 0 ]] ; then\n    cat << EOM\nerror: The sandbox is not in sync with the Podfile.lock. Run 'pod install' or update your CocoaPods installation.\nEOM\n    exit 1\nfi\n";
			showEnvVarsInLog = 0;
		};
/* End PBXShellScriptBuildPhase section */

/* Begin PBXSourcesBuildPhase section */
		E4FF36B917D675B800F3A641 /* Sources */ = {
			isa = PBXSourcesBuildPhase;
			buildActionMask = 2147483647;
			files = (
				E468317717E2899D001A5CF6 /* main.m in Sources */,
				E468316317E28992001A5CF6 /* UIBarButtonItem+Custom.m in Sources */,
				E468316417E28992001A5CF6 /* UIColor+Hecxa.m in Sources */,
				E468316517E28992001A5CF6 /* IDProvince.m in Sources */,
				E468316617E28992001A5CF6 /* SaveDataCartSG.m in Sources */,
				E468316717E28992001A5CF6 /* CaculateDay.m in Sources */,
				E468316817E28992001A5CF6 /* CustomBarButtonItem.m in Sources */,
				E468316917E28992001A5CF6 /* ProductPaginator.m in Sources */,
				E468316A17E28992001A5CF6 /* DataManager.m in Sources */,
				E468316B17E28992001A5CF6 /* RatingFood.m in Sources */,
				E468316C17E28992001A5CF6 /* ScaleImage.m in Sources */,
				E468316D17E28992001A5CF6 /* DataInfomationUser.m in Sources */,
				E468316E17E28992001A5CF6 /* DataListTypeProducts.m in Sources */,
				E468316F17E28992001A5CF6 /* DataProducts.m in Sources */,
				E455ED6217E379A1001207EC /* ConnectInternet.m in Sources */,
				E468317017E28992001A5CF6 /* FirstViewController.m in Sources */,
				E468317117E28992001A5CF6 /* CartVC.m in Sources */,
				E468317217E28992001A5CF6 /* DetailProduct.m in Sources */,
				E468317317E28992001A5CF6 /* InfomationShopper.m in Sources */,
				E468317417E28992001A5CF6 /* MainViewController.m in Sources */,
				E468317517E28992001A5CF6 /* SidebarViewController.m in Sources */,
				E468317617E28992001A5CF6 /* AppDelegate.m in Sources */,
				E4FF36DC17D675B800F3A641 /* Buy_Online.xcdatamodeld in Sources */,
				E45B2E2717E90EC500C689C7 /* WrapText.m in Sources */,
			);
			runOnlyForDeploymentPostprocessing = 0;
		};
/* End PBXSourcesBuildPhase section */

/* Begin PBXVariantGroup section */
		E4FF36CB17D675B800F3A641 /* InfoPlist.strings */ = {
			isa = PBXVariantGroup;
			children = (
				E4FF36CC17D675B800F3A641 /* en */,
			);
			name = InfoPlist.strings;
			sourceTree = "<group>";
		};
/* End PBXVariantGroup section */

/* Begin XCBuildConfiguration section */
		E4FF36DD17D675B800F3A641 /* Debug */ = {
			isa = XCBuildConfiguration;
			buildSettings = {
				ALWAYS_SEARCH_USER_PATHS = NO;
				CLANG_CXX_LANGUAGE_STANDARD = "gnu++0x";
				CLANG_CXX_LIBRARY = "libc++";
				CLANG_ENABLE_OBJC_ARC = YES;
				CLANG_WARN_CONSTANT_CONVERSION = YES;
				CLANG_WARN_EMPTY_BODY = YES;
				CLANG_WARN_ENUM_CONVERSION = YES;
				CLANG_WARN_INT_CONVERSION = YES;
				CLANG_WARN__DUPLICATE_METHOD_MATCH = YES;
				CODE_SIGN_IDENTITY = "iPhone Developer: Nittany Dental Associates (KPXE82VA5J)";
				"CODE_SIGN_IDENTITY[sdk=iphoneos*]" = "iPhone Developer: Nittany Dental Associates (KPXE82VA5J)";
				COPY_PHASE_STRIP = NO;
				GCC_C_LANGUAGE_STANDARD = gnu99;
				GCC_DYNAMIC_NO_PIC = NO;
				GCC_OPTIMIZATION_LEVEL = 0;
				GCC_PREPROCESSOR_DEFINITIONS = (
					"DEBUG=1",
					"$(inherited)",
				);
				GCC_SYMBOLS_PRIVATE_EXTERN = NO;
				GCC_WARN_ABOUT_RETURN_TYPE = YES;
				GCC_WARN_UNINITIALIZED_AUTOS = YES;
				GCC_WARN_UNUSED_VARIABLE = YES;
				IPHONEOS_DEPLOYMENT_TARGET = 5.1;
				ONLY_ACTIVE_ARCH = YES;
				OTHER_LDFLAGS = "-ObjC";
				SDKROOT = iphoneos;
			};
			name = Debug;
		};
		E4FF36DE17D675B800F3A641 /* Release */ = {
			isa = XCBuildConfiguration;
			buildSettings = {
				ALWAYS_SEARCH_USER_PATHS = NO;
				CLANG_CXX_LANGUAGE_STANDARD = "gnu++0x";
				CLANG_CXX_LIBRARY = "libc++";
				CLANG_ENABLE_OBJC_ARC = YES;
				CLANG_WARN_CONSTANT_CONVERSION = YES;
				CLANG_WARN_EMPTY_BODY = YES;
				CLANG_WARN_ENUM_CONVERSION = YES;
				CLANG_WARN_INT_CONVERSION = YES;
				CLANG_WARN__DUPLICATE_METHOD_MATCH = YES;
				CODE_SIGN_IDENTITY = "iPhone Developer: Nittany Dental Associates (KPXE82VA5J)";
				"CODE_SIGN_IDENTITY[sdk=iphoneos*]" = "iPhone Developer: Nittany Dental Associates (KPXE82VA5J)";
				COPY_PHASE_STRIP = YES;
				GCC_C_LANGUAGE_STANDARD = gnu99;
				GCC_WARN_ABOUT_RETURN_TYPE = YES;
				GCC_WARN_UNINITIALIZED_AUTOS = YES;
				GCC_WARN_UNUSED_VARIABLE = YES;
				IPHONEOS_DEPLOYMENT_TARGET = 5.1;
				OTHER_CFLAGS = "-DNS_BLOCK_ASSERTIONS=1";
				OTHER_LDFLAGS = "-ObjC";
				SDKROOT = iphoneos;
				VALIDATE_PRODUCT = YES;
			};
			name = Release;
		};
		E4FF36E017D675B800F3A641 /* Debug */ = {
			isa = XCBuildConfiguration;
			baseConfigurationReference = 0006F59EE0BA4A9F8432F5A8 /* Pods.xcconfig */;
			buildSettings = {
				CODE_SIGN_IDENTITY = "iPhone Developer: Nittany Dental Associates (KPXE82VA5J)";
				"CODE_SIGN_IDENTITY[sdk=iphoneos*]" = "iPhone Developer: Nittany Dental Associates (KPXE82VA5J)";
				FRAMEWORK_SEARCH_PATHS = (
					"$(inherited)",
					"\\\"$(SRCROOT)/../SDWebImage.framework\\\"",
					"/Users/nguyenhuyhung/Desktop/Buy\\ Online",
				);
				GCC_PRECOMPILE_PREFIX_HEADER = YES;
				GCC_PREFIX_HEADER = "Buy Online/Buy Online-Prefix.pch";
				INFOPLIST_FILE = "Buy Online/Buy Online-Info.plist";
				IPHONEOS_DEPLOYMENT_TARGET = 5.1;
				ONLY_ACTIVE_ARCH = NO;
				OTHER_LDFLAGS = "-ObjC";
				PRODUCT_NAME = "$(TARGET_NAME)";
				PROVISIONING_PROFILE = "";
				WRAPPER_EXTENSION = app;
			};
			name = Debug;
		};
		E4FF36E117D675B800F3A641 /* Release */ = {
			isa = XCBuildConfiguration;
			baseConfigurationReference = 0006F59EE0BA4A9F8432F5A8 /* Pods.xcconfig */;
			buildSettings = {
				CODE_SIGN_IDENTITY = "iPhone Developer: Nittany Dental Associates (KPXE82VA5J)";
				"CODE_SIGN_IDENTITY[sdk=iphoneos*]" = "iPhone Developer: Nittany Dental Associates (KPXE82VA5J)";
				FRAMEWORK_SEARCH_PATHS = (
					"$(inherited)",
					"\\\"$(SRCROOT)/../SDWebImage.framework\\\"",
					"/Users/nguyenhuyhung/Desktop/Buy\\ Online",
				);
				GCC_PRECOMPILE_PREFIX_HEADER = YES;
				GCC_PREFIX_HEADER = "Buy Online/Buy Online-Prefix.pch";
				INFOPLIST_FILE = "Buy Online/Buy Online-Info.plist";
				IPHONEOS_DEPLOYMENT_TARGET = 5.1;
				ONLY_ACTIVE_ARCH = NO;
				OTHER_LDFLAGS = "-ObjC";
				PRODUCT_NAME = "$(TARGET_NAME)";
				PROVISIONING_PROFILE = "";
				WRAPPER_EXTENSION = app;
			};
			name = Release;
		};
/* End XCBuildConfiguration section */

/* Begin XCConfigurationList section */
		E4FF36B817D675B800F3A641 /* Build configuration list for PBXProject "Buy Online" */ = {
			isa = XCConfigurationList;
			buildConfigurations = (
				E4FF36DD17D675B800F3A641 /* Debug */,
				E4FF36DE17D675B800F3A641 /* Release */,
			);
			defaultConfigurationIsVisible = 0;
			defaultConfigurationName = Release;
		};
		E4FF36DF17D675B800F3A641 /* Build configuration list for PBXNativeTarget "Buy Online" */ = {
			isa = XCConfigurationList;
			buildConfigurations = (
				E4FF36E017D675B800F3A641 /* Debug */,
				E4FF36E117D675B800F3A641 /* Release */,
			);
			defaultConfigurationIsVisible = 0;
			defaultConfigurationName = Release;
		};
/* End XCConfigurationList section */

/* Begin XCVersionGroup section */
		E4FF36DA17D675B800F3A641 /* Buy_Online.xcdatamodeld */ = {
			isa = XCVersionGroup;
			children = (
				E4FF36DB17D675B800F3A641 /* Buy_Online.xcdatamodel */,
			);
			currentVersion = E4FF36DB17D675B800F3A641 /* Buy_Online.xcdatamodel */;
			path = Buy_Online.xcdatamodeld;
			sourceTree = "<group>";
			versionGroupType = wrapper.xcdatamodel;
		};
/* End XCVersionGroup section */
	};
	rootObject = E4FF36B517D675B800F3A641 /* Project object */;
}
